lockfileVersion: '9.0'

settings:
  autoInstallPeers: true
  excludeLinksFromLockfile: false

importers:

  .:
    dependencies:
      '@preact/signals':
        specifier: ^2.2.0
        version: 2.2.0(preact@10.27.1)
      pkpw:
        specifier: ^1.3.1
        version: 1.3.1
      posthog-js:
        specifier: ^1.249.0
        version: 1.249.0
      preact:
        specifier: ^10.27.1
        version: 10.27.1
    devDependencies:
      '@biomejs/biome':
        specifier: ^1.9.4
        version: 1.9.4
      '@rsbuild/core':
        specifier: ^1.3.22
        version: 1.3.22
      '@rsbuild/plugin-preact':
        specifier: ^1.3.1
        version: 1.3.1(@rsbuild/core@1.3.22)(preact@10.27.1)
      '@tailwindcss/postcss':
        specifier: ^4.1.8
        version: 4.1.8
      daisyui:
        specifier: ^5.0.43
        version: 5.0.43
      tailwindcss:
        specifier: ^4.1.8
        version: 4.1.8
      typescript:
        specifier: ^5.8.3
        version: 5.8.3

packages:

  '@alloc/quick-lru@5.2.0':
    resolution: {integrity: sha512-UrcABB+4bUrFABwbluTIBErXwvbsU/V7TZWfmbgJfbkwiBuziS9gxdODUyuiecfdGQ85jglMW6juS3+z5TsKLw==}
    engines: {node: '>=10'}

  '@ampproject/remapping@2.3.0':
    resolution: {integrity: sha512-30iZtAPgz+LTIYoeivqYo853f02jBYSd5uGnGpkFV0M3xOt9aN73erkgYAmZU43x4VfqcnLxW9Kpg3R5LC4YYw==}
    engines: {node: '>=6.0.0'}

  '@biomejs/biome@1.9.4':
    resolution: {integrity: sha512-1rkd7G70+o9KkTn5KLmDYXihGoTaIGO9PIIN2ZB7UJxFrWw04CZHPYiMRjYsaDvVV7hP1dYNRLxSANLaBFGpog==}
    engines: {node: '>=14.21.3'}
    hasBin: true

  '@biomejs/cli-darwin-arm64@1.9.4':
    resolution: {integrity: sha512-bFBsPWrNvkdKrNCYeAp+xo2HecOGPAy9WyNyB/jKnnedgzl4W4Hb9ZMzYNbf8dMCGmUdSavlYHiR01QaYR58cw==}
    engines: {node: '>=14.21.3'}
    cpu: [arm64]
    os: [darwin]

  '@biomejs/cli-darwin-x64@1.9.4':
    resolution: {integrity: sha512-ngYBh/+bEedqkSevPVhLP4QfVPCpb+4BBe2p7Xs32dBgs7rh9nY2AIYUL6BgLw1JVXV8GlpKmb/hNiuIxfPfZg==}
    engines: {node: '>=14.21.3'}
    cpu: [x64]
    os: [darwin]

  '@biomejs/cli-linux-arm64-musl@1.9.4':
    resolution: {integrity: sha512-v665Ct9WCRjGa8+kTr0CzApU0+XXtRgwmzIf1SeKSGAv+2scAlW6JR5PMFo6FzqqZ64Po79cKODKf3/AAmECqA==}
    engines: {node: '>=14.21.3'}
    cpu: [arm64]
    os: [linux]

  '@biomejs/cli-linux-arm64@1.9.4':
    resolution: {integrity: sha512-fJIW0+LYujdjUgJJuwesP4EjIBl/N/TcOX3IvIHJQNsAqvV2CHIogsmA94BPG6jZATS4Hi+xv4SkBBQSt1N4/g==}
    engines: {node: '>=14.21.3'}
    cpu: [arm64]
    os: [linux]

  '@biomejs/cli-linux-x64-musl@1.9.4':
    resolution: {integrity: sha512-gEhi/jSBhZ2m6wjV530Yy8+fNqG8PAinM3oV7CyO+6c3CEh16Eizm21uHVsyVBEB6RIM8JHIl6AGYCv6Q6Q9Tg==}
    engines: {node: '>=14.21.3'}
    cpu: [x64]
    os: [linux]

  '@biomejs/cli-linux-x64@1.9.4':
    resolution: {integrity: sha512-lRCJv/Vi3Vlwmbd6K+oQ0KhLHMAysN8lXoCI7XeHlxaajk06u7G+UsFSO01NAs5iYuWKmVZjmiOzJ0OJmGsMwg==}
    engines: {node: '>=14.21.3'}
    cpu: [x64]
    os: [linux]

  '@biomejs/cli-win32-arm64@1.9.4':
    resolution: {integrity: sha512-tlbhLk+WXZmgwoIKwHIHEBZUwxml7bRJgk0X2sPyNR3S93cdRq6XulAZRQJ17FYGGzWne0fgrXBKpl7l4M87Hg==}
    engines: {node: '>=14.21.3'}
    cpu: [arm64]
    os: [win32]

  '@biomejs/cli-win32-x64@1.9.4':
    resolution: {integrity: sha512-8Y5wMhVIPaWe6jw2H+KlEm4wP/f7EW3810ZLmDlrEEy5KvBsb9ECEfu/kMWD484ijfQ8+nIi0giMgu9g1UAuuA==}
    engines: {node: '>=14.21.3'}
    cpu: [x64]
    os: [win32]

  '@isaacs/fs-minipass@4.0.1':
    resolution: {integrity: sha512-wgm9Ehl2jpeqP3zw/7mo3kRHFp5MEDhqAdwy1fTGkHAwnkGOVsgpvQhL8B5n1qlb01jV3n/bI0ZfZp5lWA1k4w==}
    engines: {node: '>=18.0.0'}

  '@jridgewell/gen-mapping@0.3.8':
    resolution: {integrity: sha512-imAbBGkb+ebQyxKgzv5Hu2nmROxoDOXHh80evxdoXNOrvAnVx7zimzc1Oo5h9RlfV4vPXaE2iM5pOFbvOCClWA==}
    engines: {node: '>=6.0.0'}

  '@jridgewell/resolve-uri@3.1.2':
    resolution: {integrity: sha512-bRISgCIjP20/tbWSPWMEi54QVPRZExkuD9lJL+UIxUKtwVJA8wW1Trb1jMs1RFXo1CBTNZ/5hpC9QvmKWdopKw==}
    engines: {node: '>=6.0.0'}

  '@jridgewell/set-array@1.2.1':
    resolution: {integrity: sha512-R8gLRTZeyp03ymzP/6Lil/28tGeGEzhx1q2k703KGWRAI1VdvPIXdG70VJc2pAMw3NA6JKL5hhFu1sJX0Mnn/A==}
    engines: {node: '>=6.0.0'}

  '@jridgewell/sourcemap-codec@1.5.0':
    resolution: {integrity: sha512-gv3ZRaISU3fjPAgNsriBRqGWQL6quFx04YMPW/zD8XMLsU32mhCCbfbO6KZFLjvYpCZ8zyDEgqsgf+PwPaM7GQ==}

  '@jridgewell/trace-mapping@0.3.25':
    resolution: {integrity: sha512-vNk6aEwybGtawWmy/PzwnGDOjCkLWSD2wqvjGGAgOAwCGWySYXfYoxt00IJkTF+8Lb57DwOb3Aa0o9CApepiYQ==}

  '@module-federation/error-codes@0.14.0':
    resolution: {integrity: sha512-GGk+EoeSACJikZZyShnLshtq9E2eCrDWbRiB4QAFXCX4oYmGgFfzXlx59vMNwqTKPJWxkEGnPYacJMcr2YYjag==}

  '@module-federation/runtime-core@0.14.0':
    resolution: {integrity: sha512-fGE1Ro55zIFDp/CxQuRhKQ1pJvG7P0qvRm2N+4i8z++2bgDjcxnCKUqDJ8lLD+JfJQvUJf0tuSsJPgevzueD4g==}

  '@module-federation/runtime-tools@0.14.0':
    resolution: {integrity: sha512-y/YN0c2DKsLETE+4EEbmYWjqF9G6ZwgZoDIPkaQ9p0pQu0V4YxzWfQagFFxR0RigYGuhJKmSU/rtNoHq+qF8jg==}

  '@module-federation/runtime@0.14.0':
    resolution: {integrity: sha512-kR3cyHw/Y64SEa7mh4CHXOEQYY32LKLK75kJOmBroLNLO7/W01hMNAvGBYTedS7hWpVuefPk1aFZioy3q2VLdQ==}

  '@module-federation/sdk@0.14.0':
    resolution: {integrity: sha512-lg/OWRsh18hsyTCamOOhEX546vbDiA2O4OggTxxH2wTGr156N6DdELGQlYIKfRdU/0StgtQS81Goc0BgDZlx9A==}

  '@module-federation/webpack-bundler-runtime@0.14.0':
    resolution: {integrity: sha512-POWS6cKBicAAQ3DNY5X7XEUSfOfUsRaBNxbuwEfSGlrkTE9UcWheO06QP2ndHi8tHQuUKcIHi2navhPkJ+k5xg==}

  '@preact/signals-core@1.9.0':
    resolution: {integrity: sha512-uUgFHJLWxb33rfCtb1g+1e3Rg7Jl5EALhGTHlQ5Y0w37OF+fdidYdYEE6crbpUOYDOjlmelIWf0ulXr1ggfUkg==}

  '@preact/signals@2.2.0':
    resolution: {integrity: sha512-P3KPcEYyVk9Wiwfw68QQzRpPkt0H+zjfH3X4AaGCDlc86GuRBYFGiAxT1nC5F5qlsVIEmjNJ9yVYe7C91z3L+g==}
    peerDependencies:
      preact: '>= 10.25.0'

  '@prefresh/core@1.5.3':
    resolution: {integrity: sha512-nDzxj0tA1/M6APNAWqaxkZ+3sTdPHESa+gol4+Bw7rMc2btWdkLoNH7j9rGhUb8SThC0Vz0VoXtq+U+9azGLHg==}
    peerDependencies:
      preact: ^10.0.0

  '@prefresh/utils@1.2.0':
    resolution: {integrity: sha512-KtC/fZw+oqtwOLUFM9UtiitB0JsVX0zLKNyRTA332sqREqSALIIQQxdUCS1P3xR/jT1e2e8/5rwH6gdcMLEmsQ==}

  '@rsbuild/core@1.3.22':
    resolution: {integrity: sha512-FGB7m8Tn/uiOhvqk0lw+NRMyD+VYJ+eBqVfpn0X11spkJDiPWn8UkMRvfzCX4XFcNZwRKYuuKJaZK1DNU8UG+w==}
    engines: {node: '>=16.10.0'}
    hasBin: true

  '@rsbuild/plugin-preact@1.3.1':
    resolution: {integrity: sha512-gFkR00vxWpW2gZEk37kpeMERei9+g8nCrO76mblbqZ0/6e4LSTqKr6smljcHbCxKU8snFLecfURSvfsg7uQbsw==}
    peerDependencies:
      '@rsbuild/core': 1.x

  '@rspack/binding-darwin-arm64@1.3.12':
    resolution: {integrity: sha512-8hKjVTBeWPqkMzFPNWIh72oU9O3vFy3e88wRjMPImDCXBiEYrKqGTTLd/J0SO+efdL3SBD1rX1IvdJpxCv6Yrw==}
    cpu: [arm64]
    os: [darwin]

  '@rspack/binding-darwin-x64@1.3.12':
    resolution: {integrity: sha512-Sj4m+mCUxL7oCpdu7OmWT7fpBM7hywk5CM9RDc3D7StaBZbvNtNftafCrTZzTYKuZrKmemTh5SFzT5Tz7tf6GA==}
    cpu: [x64]
    os: [darwin]

  '@rspack/binding-linux-arm64-gnu@1.3.12':
    resolution: {integrity: sha512-7MuOxf3/Mhv4mgFdLTvgnt/J+VouNR65DEhorth+RZm3LEWojgoFEphSAMAvpvAOpYSS68Sw4SqsOZi719ia2w==}
    cpu: [arm64]
    os: [linux]

  '@rspack/binding-linux-arm64-musl@1.3.12':
    resolution: {integrity: sha512-s6KKj20T9Z1bA8caIjU6EzJbwyDo1URNFgBAlafCT2UC6yX7flstDJJ38CxZacA9A2P24RuQK2/jPSZpWrTUFA==}
    cpu: [arm64]
    os: [linux]

  '@rspack/binding-linux-x64-gnu@1.3.12':
    resolution: {integrity: sha512-0w/sRREYbRgHgWvs2uMEJSLfvzbZkPHUg6CMcYQGNVK6axYRot6jPyKetyFYA9pR5fB5rsXegpnFaZaVrRIK2g==}
    cpu: [x64]
    os: [linux]

  '@rspack/binding-linux-x64-musl@1.3.12':
    resolution: {integrity: sha512-jEdxkPymkRxbijDRsBGdhopcbGXiXDg59lXqIRkVklqbDmZ/O6DHm7gImmlx5q9FoWbz0gqJuOKBz4JqWxjWVA==}
    cpu: [x64]
    os: [linux]

  '@rspack/binding-win32-arm64-msvc@1.3.12':
    resolution: {integrity: sha512-ZRvUCb3TDLClAqcTsl/o9UdJf0B5CgzAxgdbnYJbldyuyMeTUB4jp20OfG55M3C2Nute2SNhu2bOOp9Se5Ongw==}
    cpu: [arm64]
    os: [win32]

  '@rspack/binding-win32-ia32-msvc@1.3.12':
    resolution: {integrity: sha512-1TKPjuXStPJr14f3ZHuv40Xc/87jUXx10pzVtrPnw+f3hckECHrbYU/fvbVzZyuXbsXtkXpYca6ygCDRJAoNeQ==}
    cpu: [ia32]
    os: [win32]

  '@rspack/binding-win32-x64-msvc@1.3.12':
    resolution: {integrity: sha512-lCR0JfnYKpV+a6r2A2FdxyUKUS4tajePgpPJN5uXDgMGwrDtRqvx+d0BHhwjFudQVJq9VVbRaL89s2MQ6u+xYw==}
    cpu: [x64]
    os: [win32]

  '@rspack/binding@1.3.12':
    resolution: {integrity: sha512-4Ic8lV0+LCBfTlH5aIOujIRWZOtgmG223zC4L3o8WY/+ESAgpdnK6lSSMfcYgRanYLAy3HOmFIp20jwskMpbAg==}

  '@rspack/core@1.3.12':
    resolution: {integrity: sha512-mAPmV4LPPRgxpouUrGmAE4kpF1NEWJGyM5coebsjK/zaCMSjw3mkdxiU2b5cO44oIi0Ifv5iGkvwbdrZOvMyFA==}
    engines: {node: '>=16.0.0'}
    peerDependencies:
      '@swc/helpers': '>=0.5.1'
    peerDependenciesMeta:
      '@swc/helpers':
        optional: true

  '@rspack/lite-tapable@1.0.1':
    resolution: {integrity: sha512-VynGOEsVw2s8TAlLf/uESfrgfrq2+rcXB1muPJYBWbsm1Oa6r5qVQhjA5ggM6z/coYPrsVMgovl3Ff7Q7OCp1w==}
    engines: {node: '>=16.0.0'}

  '@rspack/plugin-preact-refresh@1.1.2':
    resolution: {integrity: sha512-smTjBS8d0ItLiCt96VvlEHvtYt5rEc5vvB1SxUiv4CdUusb90GXe9+nXyr7EMO+wU3A+kocrGLGnRKLHsgGHUg==}
    peerDependencies:
      '@prefresh/core': ^1.5.0
      '@prefresh/utils': ^1.2.0

  '@swc/counter@0.1.3':
    resolution: {integrity: sha512-e2BR4lsJkkRlKZ/qCHPw9ZaSxc0MVUd7gtbtaB7aMvHeJVYe8sOB8DBZkP2DtISHGSku9sCK6T6cnY0CtXrOCQ==}

  '@swc/helpers@0.5.17':
    resolution: {integrity: sha512-5IKx/Y13RsYd+sauPb2x+U/xZikHjolzfuDgTAl/Tdf3Q8rslRvC19NKDLgAJQ6wsqADk10ntlv08nPFw/gO/A==}

  '@swc/plugin-prefresh@6.3.2':
    resolution: {integrity: sha512-evMH0i3diqfyqx7JYwj5R/116Vamp5/WrgRYGTtDQWR4advYMLbBqAN+ap3t+rnl9Ug0zEvBMXMdiH79b+GseQ==}

  '@tailwindcss/node@4.1.8':
    resolution: {integrity: sha512-OWwBsbC9BFAJelmnNcrKuf+bka2ZxCE2A4Ft53Tkg4uoiE67r/PMEYwCsourC26E+kmxfwE0hVzMdxqeW+xu7Q==}

  '@tailwindcss/oxide-android-arm64@4.1.8':
    resolution: {integrity: sha512-Fbz7qni62uKYceWYvUjRqhGfZKwhZDQhlrJKGtnZfuNtHFqa8wmr+Wn74CTWERiW2hn3mN5gTpOoxWKk0jRxjg==}
    engines: {node: '>= 10'}
    cpu: [arm64]
    os: [android]

  '@tailwindcss/oxide-darwin-arm64@4.1.8':
    resolution: {integrity: sha512-RdRvedGsT0vwVVDztvyXhKpsU2ark/BjgG0huo4+2BluxdXo8NDgzl77qh0T1nUxmM11eXwR8jA39ibvSTbi7A==}
    engines: {node: '>= 10'}
    cpu: [arm64]
    os: [darwin]

  '@tailwindcss/oxide-darwin-x64@4.1.8':
    resolution: {integrity: sha512-t6PgxjEMLp5Ovf7uMb2OFmb3kqzVTPPakWpBIFzppk4JE4ix0yEtbtSjPbU8+PZETpaYMtXvss2Sdkx8Vs4XRw==}
    engines: {node: '>= 10'}
    cpu: [x64]
    os: [darwin]

  '@tailwindcss/oxide-freebsd-x64@4.1.8':
    resolution: {integrity: sha512-g8C8eGEyhHTqwPStSwZNSrOlyx0bhK/V/+zX0Y+n7DoRUzyS8eMbVshVOLJTDDC+Qn9IJnilYbIKzpB9n4aBsg==}
    engines: {node: '>= 10'}
    cpu: [x64]
    os: [freebsd]

  '@tailwindcss/oxide-linux-arm-gnueabihf@4.1.8':
    resolution: {integrity: sha512-Jmzr3FA4S2tHhaC6yCjac3rGf7hG9R6Gf2z9i9JFcuyy0u79HfQsh/thifbYTF2ic82KJovKKkIB6Z9TdNhCXQ==}
    engines: {node: '>= 10'}
    cpu: [arm]
    os: [linux]

  '@tailwindcss/oxide-linux-arm64-gnu@4.1.8':
    resolution: {integrity: sha512-qq7jXtO1+UEtCmCeBBIRDrPFIVI4ilEQ97qgBGdwXAARrUqSn/L9fUrkb1XP/mvVtoVeR2bt/0L77xx53bPZ/Q==}
    engines: {node: '>= 10'}
    cpu: [arm64]
    os: [linux]

  '@tailwindcss/oxide-linux-arm64-musl@4.1.8':
    resolution: {integrity: sha512-O6b8QesPbJCRshsNApsOIpzKt3ztG35gfX9tEf4arD7mwNinsoCKxkj8TgEE0YRjmjtO3r9FlJnT/ENd9EVefQ==}
    engines: {node: '>= 10'}
    cpu: [arm64]
    os: [linux]

  '@tailwindcss/oxide-linux-x64-gnu@4.1.8':
    resolution: {integrity: sha512-32iEXX/pXwikshNOGnERAFwFSfiltmijMIAbUhnNyjFr3tmWmMJWQKU2vNcFX0DACSXJ3ZWcSkzNbaKTdngH6g==}
    engines: {node: '>= 10'}
    cpu: [x64]
    os: [linux]

  '@tailwindcss/oxide-linux-x64-musl@4.1.8':
    resolution: {integrity: sha512-s+VSSD+TfZeMEsCaFaHTaY5YNj3Dri8rST09gMvYQKwPphacRG7wbuQ5ZJMIJXN/puxPcg/nU+ucvWguPpvBDg==}
    engines: {node: '>= 10'}
    cpu: [x64]
    os: [linux]

  '@tailwindcss/oxide-wasm32-wasi@4.1.8':
    resolution: {integrity: sha512-CXBPVFkpDjM67sS1psWohZ6g/2/cd+cq56vPxK4JeawelxwK4YECgl9Y9TjkE2qfF+9/s1tHHJqrC4SS6cVvSg==}
    engines: {node: '>=14.0.0'}
    cpu: [wasm32]
    bundledDependencies:
      - '@napi-rs/wasm-runtime'
      - '@emnapi/core'
      - '@emnapi/runtime'
      - '@tybys/wasm-util'
      - '@emnapi/wasi-threads'
      - tslib

  '@tailwindcss/oxide-win32-arm64-msvc@4.1.8':
    resolution: {integrity: sha512-7GmYk1n28teDHUjPlIx4Z6Z4hHEgvP5ZW2QS9ygnDAdI/myh3HTHjDqtSqgu1BpRoI4OiLx+fThAyA1JePoENA==}
    engines: {node: '>= 10'}
    cpu: [arm64]
    os: [win32]

  '@tailwindcss/oxide-win32-x64-msvc@4.1.8':
    resolution: {integrity: sha512-fou+U20j+Jl0EHwK92spoWISON2OBnCazIc038Xj2TdweYV33ZRkS9nwqiUi2d/Wba5xg5UoHfvynnb/UB49cQ==}
    engines: {node: '>= 10'}
    cpu: [x64]
    os: [win32]

  '@tailwindcss/oxide@4.1.8':
    resolution: {integrity: sha512-d7qvv9PsM5N3VNKhwVUhpK6r4h9wtLkJ6lz9ZY9aeZgrUWk1Z8VPyqyDT9MZlem7GTGseRQHkeB1j3tC7W1P+A==}
    engines: {node: '>= 10'}

  '@tailwindcss/postcss@4.1.8':
    resolution: {integrity: sha512-vB/vlf7rIky+w94aWMw34bWW1ka6g6C3xIOdICKX2GC0VcLtL6fhlLiafF0DVIwa9V6EHz8kbWMkS2s2QvvNlw==}

  caniuse-lite@1.0.30001718:
    resolution: {integrity: sha512-AflseV1ahcSunK53NfEs9gFWgOEmzr0f+kaMFA4xiLZlr9Hzt7HxcSpIFcnNCUkz6R6dWKa54rUz3HUmI3nVcw==}

  chownr@3.0.0:
    resolution: {integrity: sha512-+IxzY9BZOQd/XuYPRmrvEVjF/nqj5kgT4kEq7VofrDoM1MxoRjEWkrCC3EtLi59TVawxTAn+orJwFQcrqEN1+g==}
    engines: {node: '>=18'}

  core-js@3.42.0:
    resolution: {integrity: sha512-Sz4PP4ZA+Rq4II21qkNqOEDTDrCvcANId3xpIgB34NDkWc3UduWj2dqEtN9yZIq8Dk3HyPI33x9sqqU5C8sr0g==}

  daisyui@5.0.43:
    resolution: {integrity: sha512-2pshHJ73vetSpsbAyaOncGnNYL0mwvgseS1EWy1I9Qpw8D11OuBoDNIWrPIME4UFcq2xuff3A9x+eXbuFR9fUQ==}

  detect-libc@2.0.4:
    resolution: {integrity: sha512-3UDv+G9CsCKO1WKMGw9fwq/SWJYbI0c5Y7LU1AXYoDdbhE2AHQ6N6Nb34sG8Fj7T5APy8qXDCKuuIHd1BR0tVA==}
    engines: {node: '>=8'}

  enhanced-resolve@5.18.1:
    resolution: {integrity: sha512-ZSW3ma5GkcQBIpwZTSRAI8N71Uuwgs93IezB7mf7R60tC8ZbJideoDNKjHn2O9KIlx6rkGTTEk1xUCK2E1Y2Yg==}
    engines: {node: '>=10.13.0'}

  fflate@0.4.8:
    resolution: {integrity: sha512-FJqqoDBR00Mdj9ppamLa/Y7vxm+PRmNWA67N846RvsoYVMKB4q3y/de5PA7gUmRMYK/8CMz2GDZQmCRN1wBcWA==}

  graceful-fs@4.2.11:
    resolution: {integrity: sha512-RbJ5/jmFcNNCcDV5o9eTnBLJ/HszWV0P73bc+Ff4nS/rJj+YaS6IGyiOL0VoBYX+l1Wrl3k63h/KrH+nhJ0XvQ==}

  jiti@2.4.2:
    resolution: {integrity: sha512-rg9zJN+G4n2nfJl5MW3BMygZX56zKPNVEYYqq7adpmMh4Jn2QNEwhvQlFy6jPVdcod7txZtKHWnyZiA3a0zP7A==}
    hasBin: true

  lightningcss-darwin-arm64@1.30.1:
    resolution: {integrity: sha512-c8JK7hyE65X1MHMN+Viq9n11RRC7hgin3HhYKhrMyaXflk5GVplZ60IxyoVtzILeKr+xAJwg6zK6sjTBJ0FKYQ==}
    engines: {node: '>= 12.0.0'}
    cpu: [arm64]
    os: [darwin]

  lightningcss-darwin-x64@1.30.1:
    resolution: {integrity: sha512-k1EvjakfumAQoTfcXUcHQZhSpLlkAuEkdMBsI/ivWw9hL+7FtilQc0Cy3hrx0AAQrVtQAbMI7YjCgYgvn37PzA==}
    engines: {node: '>= 12.0.0'}
    cpu: [x64]
    os: [darwin]

  lightningcss-freebsd-x64@1.30.1:
    resolution: {integrity: sha512-kmW6UGCGg2PcyUE59K5r0kWfKPAVy4SltVeut+umLCFoJ53RdCUWxcRDzO1eTaxf/7Q2H7LTquFHPL5R+Gjyig==}
    engines: {node: '>= 12.0.0'}
    cpu: [x64]
    os: [freebsd]

  lightningcss-linux-arm-gnueabihf@1.30.1:
    resolution: {integrity: sha512-MjxUShl1v8pit+6D/zSPq9S9dQ2NPFSQwGvxBCYaBYLPlCWuPh9/t1MRS8iUaR8i+a6w7aps+B4N0S1TYP/R+Q==}
    engines: {node: '>= 12.0.0'}
    cpu: [arm]
    os: [linux]

  lightningcss-linux-arm64-gnu@1.30.1:
    resolution: {integrity: sha512-gB72maP8rmrKsnKYy8XUuXi/4OctJiuQjcuqWNlJQ6jZiWqtPvqFziskH3hnajfvKB27ynbVCucKSm2rkQp4Bw==}
    engines: {node: '>= 12.0.0'}
    cpu: [arm64]
    os: [linux]

  lightningcss-linux-arm64-musl@1.30.1:
    resolution: {integrity: sha512-jmUQVx4331m6LIX+0wUhBbmMX7TCfjF5FoOH6SD1CttzuYlGNVpA7QnrmLxrsub43ClTINfGSYyHe2HWeLl5CQ==}
    engines: {node: '>= 12.0.0'}
    cpu: [arm64]
    os: [linux]

  lightningcss-linux-x64-gnu@1.30.1:
    resolution: {integrity: sha512-piWx3z4wN8J8z3+O5kO74+yr6ze/dKmPnI7vLqfSqI8bccaTGY5xiSGVIJBDd5K5BHlvVLpUB3S2YCfelyJ1bw==}
    engines: {node: '>= 12.0.0'}
    cpu: [x64]
    os: [linux]

  lightningcss-linux-x64-musl@1.30.1:
    resolution: {integrity: sha512-rRomAK7eIkL+tHY0YPxbc5Dra2gXlI63HL+v1Pdi1a3sC+tJTcFrHX+E86sulgAXeI7rSzDYhPSeHHjqFhqfeQ==}
    engines: {node: '>= 12.0.0'}
    cpu: [x64]
    os: [linux]

  lightningcss-win32-arm64-msvc@1.30.1:
    resolution: {integrity: sha512-mSL4rqPi4iXq5YVqzSsJgMVFENoa4nGTT/GjO2c0Yl9OuQfPsIfncvLrEW6RbbB24WtZ3xP/2CCmI3tNkNV4oA==}
    engines: {node: '>= 12.0.0'}
    cpu: [arm64]
    os: [win32]

  lightningcss-win32-x64-msvc@1.30.1:
    resolution: {integrity: sha512-PVqXh48wh4T53F/1CCu8PIPCxLzWyCnn/9T5W1Jpmdy5h9Cwd+0YQS6/LwhHXSafuc61/xg9Lv5OrCby6a++jg==}
    engines: {node: '>= 12.0.0'}
    cpu: [x64]
    os: [win32]

  lightningcss@1.30.1:
    resolution: {integrity: sha512-xi6IyHML+c9+Q3W0S4fCQJOym42pyurFiJUHEcEyHS0CeKzia4yZDEsLlqOFykxOdHpNy0NmvVO31vcSqAxJCg==}
    engines: {node: '>= 12.0.0'}

  magic-string@0.30.17:
    resolution: {integrity: sha512-sNPKHvyjVf7gyjwS4xGTaW/mCnF8wnjtifKBEhxfZ7E/S8tQ0rssrwGNn6q8JH/ohItJfSQp9mBtQYuTlH5QnA==}

  minipass@7.1.2:
    resolution: {integrity: sha512-qOOzS1cBTWYF4BH8fVePDBOO9iptMnGUEZwNc/cMWnTV2nVLZ7VoNWEPHkYczZA0pdoA7dl6e7FL659nX9S2aw==}
    engines: {node: '>=16 || 14 >=14.17'}

  minizlib@3.0.2:
    resolution: {integrity: sha512-oG62iEk+CYt5Xj2YqI5Xi9xWUeZhDI8jjQmC5oThVH5JGCTgIjr7ciJDzC7MBzYd//WvR1OTmP5Q38Q8ShQtVA==}
    engines: {node: '>= 18'}

  mkdirp@3.0.1:
    resolution: {integrity: sha512-+NsyUUAZDmo6YVHzL/stxSu3t9YS1iljliy3BSDrXJ/dkn1KYdmtZODGGjLcc9XLgVVpH4KshHB8XmZgMhaBXg==}
    engines: {node: '>=10'}
    hasBin: true

  nanoid@3.3.11:
    resolution: {integrity: sha512-N8SpfPUnUp1bK+PMYW8qSWdl9U+wwNWI4QKxOYDy9JAro3WMX7p2OeVRF9v+347pnakNevPmiHhNmZ2HbFA76w==}
    engines: {node: ^10 || ^12 || ^13.7 || ^14 || >=15.0.1}
    hasBin: true

  picocolors@1.1.1:
    resolution: {integrity: sha512-xceH2snhtb5M9liqDsmEw56le376mTZkEX/jEb/RxNFyegNul7eNslCXP9FDj/Lcu0X8KEyMceP2ntpaHrDEVA==}

  pkpw@1.3.1:
    resolution: {integrity: sha512-5SiCcgyqgzdBTSTZ8vIRd/QXFdAv3rb7vjsRqEyTJhKpYCNuF2Bz/JJjuZqNGmDqgelBwfDtUNlaoUEWUjEyiA==}

  postcss@8.5.4:
    resolution: {integrity: sha512-QSa9EBe+uwlGTFmHsPKokv3B/oEMQZxfqW0QqNCyhpa6mB1afzulwn8hihglqAb2pOw+BJgNlmXQ8la2VeHB7w==}
    engines: {node: ^10 || ^12 || >=14}

  posthog-js@1.249.0:
    resolution: {integrity: sha512-qR1PZPBb8Zc57ZYr1NtPbSJ/RHj9Gnr8NDG5bYDspzyol3KL3kwz+pk4K4ZLyjG/Gb2DyrgrEvr3CtSIlfui/w==}
    peerDependencies:
      '@rrweb/types': 2.0.0-alpha.17
      rrweb-snapshot: 2.0.0-alpha.17
    peerDependenciesMeta:
      '@rrweb/types':
        optional: true
      rrweb-snapshot:
        optional: true

  preact@10.27.1:
    resolution: {integrity: sha512-V79raXEWch/rbqoNc7nT9E4ep7lu+mI3+sBmfRD4i1M73R3WLYcCtdI0ibxGVf4eQL8ZIz2nFacqEC+rmnOORQ==}

  source-map-js@1.2.1:
    resolution: {integrity: sha512-UXWMKhLOwVKb728IUtQPXxfYU+usdybtUrK/8uGE8CQMvrhOpwvzDBwj0QhSL7MQc7vIsISBG8VQ8+IDQxpfQA==}
    engines: {node: '>=0.10.0'}

  tailwindcss@4.1.8:
    resolution: {integrity: sha512-kjeW8gjdxasbmFKpVGrGd5T4i40mV5J2Rasw48QARfYeQ8YS9x02ON9SFWax3Qf616rt4Cp3nVNIj6Hd1mP3og==}

  tapable@2.2.2:
    resolution: {integrity: sha512-Re10+NauLTMCudc7T5WLFLAwDhQ0JWdrMK+9B2M8zR5hRExKmsRDCBA7/aV/pNJFltmBFO5BAMlQFi/vq3nKOg==}
    engines: {node: '>=6'}

  tar@7.4.3:
    resolution: {integrity: sha512-5S7Va8hKfV7W5U6g3aYxXmlPoZVAwUMy9AOKyF2fVuZa2UD3qZjg578OrLRt8PcNN1PleVaL/5/yYATNL0ICUw==}
    engines: {node: '>=18'}

  tslib@2.8.1:
    resolution: {integrity: sha512-oJFu94HQb+KVduSUQL7wnpmqnfmLsOA/nAh6b6EH0wCEoK0/mPeXU6c3wKDV83MkOuHPRHtSXKKU99IBazS/2w==}

  typescript@5.8.3:
    resolution: {integrity: sha512-p1diW6TqL9L07nNxvRMM7hMMw4c5XOo/1ibL4aAIGmSAt9slTE1Xgw5KWuof2uTOvCg9BY7ZRi+GaF+7sfgPeQ==}
    engines: {node: '>=14.17'}
    hasBin: true

  web-vitals@4.2.4:
    resolution: {integrity: sha512-r4DIlprAGwJ7YM11VZp4R884m0Vmgr6EAKe3P+kO0PPj3Unqyvv59rczf6UiGcb9Z8QxZVcqKNwv/g0WNdWwsw==}

  yallist@5.0.0:
    resolution: {integrity: sha512-YgvUTfwqyc7UXVMrB+SImsVYSmTS8X/tSrtdNZMImM+n7+QTriRXyXim0mBrTXNeqzVF0KWGgHPeiyViFFrNDw==}
    engines: {node: '>=18'}

snapshots:

  '@alloc/quick-lru@5.2.0': {}

  '@ampproject/remapping@2.3.0':
    dependencies:
      '@jridgewell/gen-mapping': 0.3.8
      '@jridgewell/trace-mapping': 0.3.25

  '@biomejs/biome@1.9.4':
    optionalDependencies:
      '@biomejs/cli-darwin-arm64': 1.9.4
      '@biomejs/cli-darwin-x64': 1.9.4
      '@biomejs/cli-linux-arm64': 1.9.4
      '@biomejs/cli-linux-arm64-musl': 1.9.4
      '@biomejs/cli-linux-x64': 1.9.4
      '@biomejs/cli-linux-x64-musl': 1.9.4
      '@biomejs/cli-win32-arm64': 1.9.4
      '@biomejs/cli-win32-x64': 1.9.4

  '@biomejs/cli-darwin-arm64@1.9.4':
    optional: true

  '@biomejs/cli-darwin-x64@1.9.4':
    optional: true

  '@biomejs/cli-linux-arm64-musl@1.9.4':
    optional: true

  '@biomejs/cli-linux-arm64@1.9.4':
    optional: true

  '@biomejs/cli-linux-x64-musl@1.9.4':
    optional: true

  '@biomejs/cli-linux-x64@1.9.4':
    optional: true

  '@biomejs/cli-win32-arm64@1.9.4':
    optional: true

  '@biomejs/cli-win32-x64@1.9.4':
    optional: true

  '@isaacs/fs-minipass@4.0.1':
    dependencies:
      minipass: 7.1.2

  '@jridgewell/gen-mapping@0.3.8':
    dependencies:
      '@jridgewell/set-array': 1.2.1
      '@jridgewell/sourcemap-codec': 1.5.0
      '@jridgewell/trace-mapping': 0.3.25

  '@jridgewell/resolve-uri@3.1.2': {}

  '@jridgewell/set-array@1.2.1': {}

  '@jridgewell/sourcemap-codec@1.5.0': {}

  '@jridgewell/trace-mapping@0.3.25':
    dependencies:
      '@jridgewell/resolve-uri': 3.1.2
      '@jridgewell/sourcemap-codec': 1.5.0

  '@module-federation/error-codes@0.14.0': {}

  '@module-federation/runtime-core@0.14.0':
    dependencies:
      '@module-federation/error-codes': 0.14.0
      '@module-federation/sdk': 0.14.0

  '@module-federation/runtime-tools@0.14.0':
    dependencies:
      '@module-federation/runtime': 0.14.0
      '@module-federation/webpack-bundler-runtime': 0.14.0

  '@module-federation/runtime@0.14.0':
    dependencies:
      '@module-federation/error-codes': 0.14.0
      '@module-federation/runtime-core': 0.14.0
      '@module-federation/sdk': 0.14.0

  '@module-federation/sdk@0.14.0': {}

  '@module-federation/webpack-bundler-runtime@0.14.0':
    dependencies:
      '@module-federation/runtime': 0.14.0
      '@module-federation/sdk': 0.14.0

  '@preact/signals-core@1.9.0': {}

  '@preact/signals@2.2.0(preact@10.27.1)':
    dependencies:
      '@preact/signals-core': 1.9.0
      preact: 10.27.1

  '@prefresh/core@1.5.3(preact@10.27.1)':
    dependencies:
      preact: 10.27.1

  '@prefresh/utils@1.2.0': {}

  '@rsbuild/core@1.3.22':
    dependencies:
      '@rspack/core': 1.3.12(@swc/helpers@0.5.17)
      '@rspack/lite-tapable': 1.0.1
      '@swc/helpers': 0.5.17
      core-js: 3.42.0
      jiti: 2.4.2

  '@rsbuild/plugin-preact@1.3.1(@rsbuild/core@1.3.22)(preact@10.27.1)':
    dependencies:
      '@prefresh/core': 1.5.3(preact@10.27.1)
      '@prefresh/utils': 1.2.0
      '@rsbuild/core': 1.3.22
      '@rspack/plugin-preact-refresh': 1.1.2(@prefresh/core@1.5.3(preact@10.27.1))(@prefresh/utils@1.2.0)
      '@swc/plugin-prefresh': 6.3.2
    transitivePeerDependencies:
      - preact

  '@rspack/binding-darwin-arm64@1.3.12':
    optional: true

  '@rspack/binding-darwin-x64@1.3.12':
    optional: true

  '@rspack/binding-linux-arm64-gnu@1.3.12':
    optional: true

  '@rspack/binding-linux-arm64-musl@1.3.12':
    optional: true

  '@rspack/binding-linux-x64-gnu@1.3.12':
    optional: true

  '@rspack/binding-linux-x64-musl@1.3.12':
    optional: true

  '@rspack/binding-win32-arm64-msvc@1.3.12':
    optional: true

  '@rspack/binding-win32-ia32-msvc@1.3.12':
    optional: true

  '@rspack/binding-win32-x64-msvc@1.3.12':
    optional: true

  '@rspack/binding@1.3.12':
    optionalDependencies:
      '@rspack/binding-darwin-arm64': 1.3.12
      '@rspack/binding-darwin-x64': 1.3.12
      '@rspack/binding-linux-arm64-gnu': 1.3.12
      '@rspack/binding-linux-arm64-musl': 1.3.12
      '@rspack/binding-linux-x64-gnu': 1.3.12
      '@rspack/binding-linux-x64-musl': 1.3.12
      '@rspack/binding-win32-arm64-msvc': 1.3.12
      '@rspack/binding-win32-ia32-msvc': 1.3.12
      '@rspack/binding-win32-x64-msvc': 1.3.12

  '@rspack/core@1.3.12(@swc/helpers@0.5.17)':
    dependencies:
      '@module-federation/runtime-tools': 0.14.0
      '@rspack/binding': 1.3.12
      '@rspack/lite-tapable': 1.0.1
      caniuse-lite: 1.0.30001718
    optionalDependencies:
      '@swc/helpers': 0.5.17

  '@rspack/lite-tapable@1.0.1': {}

  '@rspack/plugin-preact-refresh@1.1.2(@prefresh/core@1.5.3(preact@10.27.1))(@prefresh/utils@1.2.0)':
    dependencies:
      '@prefresh/core': 1.5.3(preact@10.27.1)
      '@prefresh/utils': 1.2.0

  '@swc/counter@0.1.3': {}

  '@swc/helpers@0.5.17':
    dependencies:
      tslib: 2.8.1

  '@swc/plugin-prefresh@6.3.2':
    dependencies:
      '@swc/counter': 0.1.3

  '@tailwindcss/node@4.1.8':
    dependencies:
      '@ampproject/remapping': 2.3.0
      enhanced-resolve: 5.18.1
      jiti: 2.4.2
      lightningcss: 1.30.1
      magic-string: 0.30.17
      source-map-js: 1.2.1
      tailwindcss: 4.1.8

  '@tailwindcss/oxide-android-arm64@4.1.8':
    optional: true

  '@tailwindcss/oxide-darwin-arm64@4.1.8':
    optional: true

  '@tailwindcss/oxide-darwin-x64@4.1.8':
    optional: true

  '@tailwindcss/oxide-freebsd-x64@4.1.8':
    optional: true

  '@tailwindcss/oxide-linux-arm-gnueabihf@4.1.8':
    optional: true

  '@tailwindcss/oxide-linux-arm64-gnu@4.1.8':
    optional: true

  '@tailwindcss/oxide-linux-arm64-musl@4.1.8':
    optional: true

  '@tailwindcss/oxide-linux-x64-gnu@4.1.8':
    optional: true

  '@tailwindcss/oxide-linux-x64-musl@4.1.8':
    optional: true

  '@tailwindcss/oxide-wasm32-wasi@4.1.8':
    optional: true

  '@tailwindcss/oxide-win32-arm64-msvc@4.1.8':
    optional: true

  '@tailwindcss/oxide-win32-x64-msvc@4.1.8':
    optional: true

  '@tailwindcss/oxide@4.1.8':
    dependencies:
      detect-libc: 2.0.4
      tar: 7.4.3
    optionalDependencies:
      '@tailwindcss/oxide-android-arm64': 4.1.8
      '@tailwindcss/oxide-darwin-arm64': 4.1.8
      '@tailwindcss/oxide-darwin-x64': 4.1.8
      '@tailwindcss/oxide-freebsd-x64': 4.1.8
      '@tailwindcss/oxide-linux-arm-gnueabihf': 4.1.8
      '@tailwindcss/oxide-linux-arm64-gnu': 4.1.8
      '@tailwindcss/oxide-linux-arm64-musl': 4.1.8
      '@tailwindcss/oxide-linux-x64-gnu': 4.1.8
      '@tailwindcss/oxide-linux-x64-musl': 4.1.8
      '@tailwindcss/oxide-wasm32-wasi': 4.1.8
      '@tailwindcss/oxide-win32-arm64-msvc': 4.1.8
      '@tailwindcss/oxide-win32-x64-msvc': 4.1.8

  '@tailwindcss/postcss@4.1.8':
    dependencies:
      '@alloc/quick-lru': 5.2.0
      '@tailwindcss/node': 4.1.8
      '@tailwindcss/oxide': 4.1.8
      postcss: 8.5.4
      tailwindcss: 4.1.8

  caniuse-lite@1.0.30001718: {}

  chownr@3.0.0: {}

  core-js@3.42.0: {}

  daisyui@5.0.43: {}

  detect-libc@2.0.4: {}

  enhanced-resolve@5.18.1:
    dependencies:
      graceful-fs: 4.2.11
      tapable: 2.2.2

  fflate@0.4.8: {}

  graceful-fs@4.2.11: {}

  jiti@2.4.2: {}

  lightningcss-darwin-arm64@1.30.1:
    optional: true

  lightningcss-darwin-x64@1.30.1:
    optional: true

  lightningcss-freebsd-x64@1.30.1:
    optional: true

  lightningcss-linux-arm-gnueabihf@1.30.1:
    optional: true

  lightningcss-linux-arm64-gnu@1.30.1:
    optional: true

  lightningcss-linux-arm64-musl@1.30.1:
    optional: true

  lightningcss-linux-x64-gnu@1.30.1:
    optional: true

  lightningcss-linux-x64-musl@1.30.1:
    optional: true

  lightningcss-win32-arm64-msvc@1.30.1:
    optional: true

  lightningcss-win32-x64-msvc@1.30.1:
    optional: true

  lightningcss@1.30.1:
    dependencies:
      detect-libc: 2.0.4
    optionalDependencies:
      lightningcss-darwin-arm64: 1.30.1
      lightningcss-darwin-x64: 1.30.1
      lightningcss-freebsd-x64: 1.30.1
      lightningcss-linux-arm-gnueabihf: 1.30.1
      lightningcss-linux-arm64-gnu: 1.30.1
      lightningcss-linux-arm64-musl: 1.30.1
      lightningcss-linux-x64-gnu: 1.30.1
      lightningcss-linux-x64-musl: 1.30.1
      lightningcss-win32-arm64-msvc: 1.30.1
      lightningcss-win32-x64-msvc: 1.30.1

  magic-string@0.30.17:
    dependencies:
      '@jridgewell/sourcemap-codec': 1.5.0

  minipass@7.1.2: {}

  minizlib@3.0.2:
    dependencies:
      minipass: 7.1.2

  mkdirp@3.0.1: {}

  nanoid@3.3.11: {}

  picocolors@1.1.1: {}

  pkpw@1.3.1: {}

  postcss@8.5.4:
    dependencies:
      nanoid: 3.3.11
      picocolors: 1.1.1
      source-map-js: 1.2.1

  posthog-js@1.249.0:
    dependencies:
      core-js: 3.42.0
      fflate: 0.4.8
      preact: 10.27.1
      web-vitals: 4.2.4

  preact@10.27.1: {}

  source-map-js@1.2.1: {}

  tailwindcss@4.1.8: {}

  tapable@2.2.2: {}

  tar@7.4.3:
    dependencies:
      '@isaacs/fs-minipass': 4.0.1
      chownr: 3.0.0
      minipass: 7.1.2
      minizlib: 3.0.2
      mkdirp: 3.0.1
      yallist: 5.0.0

  tslib@2.8.1: {}

  typescript@5.8.3: {}

  web-vitals@4.2.4: {}

  yallist@5.0.0: {}
