lockfileVersion: '9.0'

settings:
  autoInstallPeers: true
  excludeLinksFromLockfile: false

importers:

  .:
    dependencies:
      '@preact/signals':
        specifier: ^2.6.2
        version: 2.6.2(preact@10.28.3)
      pkpw:
        specifier: ^1.3.1
        version: 1.3.1
      posthog-js:
        specifier: ^1.336.4
        version: 1.336.4
      preact:
        specifier: ^10.28.3
        version: 10.28.3
    devDependencies:
      '@biomejs/biome':
        specifier: ^2.3.13
        version: 2.3.13
      '@rsbuild/core':
        specifier: ^1.7.2
        version: 1.7.2
      '@rsbuild/plugin-preact':
        specifier: ^1.7.1
        version: 1.7.1(@rsbuild/core@1.7.2)(preact@10.28.3)
      '@tailwindcss/postcss':
        specifier: ^4.1.18
        version: 4.1.18
      daisyui:
        specifier: ^5.5.17
        version: 5.5.17
      tailwindcss:
        specifier: ^4.1.18
        version: 4.1.18
      typescript:
        specifier: ^5.9.3
        version: 5.9.3

packages:

  '@alloc/quick-lru@5.2.0':
    resolution: {integrity: sha512-UrcABB+4bUrFABwbluTIBErXwvbsU/V7TZWfmbgJfbkwiBuziS9gxdODUyuiecfdGQ85jglMW6juS3+z5TsKLw==}
    engines: {node: '>=10'}

  '@biomejs/biome@2.3.13':
    resolution: {integrity: sha512-Fw7UsV0UAtWIBIm0M7g5CRerpu1eKyKAXIazzxhbXYUyMkwNrkX/KLkGI7b+uVDQ5cLUMfOC9vR60q9IDYDstA==}
    engines: {node: '>=14.21.3'}
    hasBin: true

  '@biomejs/cli-darwin-arm64@2.3.13':
    resolution: {integrity: sha512-0OCwP0/BoKzyJHnFdaTk/i7hIP9JHH9oJJq6hrSCPmJPo8JWcJhprK4gQlhFzrwdTBAW4Bjt/RmCf3ZZe59gwQ==}
    engines: {node: '>=14.21.3'}
    cpu: [arm64]
    os: [darwin]

  '@biomejs/cli-darwin-x64@2.3.13':
    resolution: {integrity: sha512-AGr8OoemT/ejynbIu56qeil2+F2WLkIjn2d8jGK1JkchxnMUhYOfnqc9sVzcRxpG9Ycvw4weQ5sprRvtb7Yhcw==}
    engines: {node: '>=14.21.3'}
    cpu: [x64]
    os: [darwin]

  '@biomejs/cli-linux-arm64-musl@2.3.13':
    resolution: {integrity: sha512-TUdDCSY+Eo/EHjhJz7P2GnWwfqet+lFxBZzGHldrvULr59AgahamLs/N85SC4+bdF86EhqDuuw9rYLvLFWWlXA==}
    engines: {node: '>=14.21.3'}
    cpu: [arm64]
    os: [linux]

  '@biomejs/cli-linux-arm64@2.3.13':
    resolution: {integrity: sha512-xvOiFkrDNu607MPMBUQ6huHmBG1PZLOrqhtK6pXJW3GjfVqJg0Z/qpTdhXfcqWdSZHcT+Nct2fOgewZvytESkw==}
    engines: {node: '>=14.21.3'}
    cpu: [arm64]
    os: [linux]

  '@biomejs/cli-linux-x64-musl@2.3.13':
    resolution: {integrity: sha512-0bdwFVSbbM//Sds6OjtnmQGp4eUjOTt6kHvR/1P0ieR9GcTUAlPNvPC3DiavTqq302W34Ae2T6u5VVNGuQtGlQ==}
    engines: {node: '>=14.21.3'}
    cpu: [x64]
    os: [linux]

  '@biomejs/cli-linux-x64@2.3.13':
    resolution: {integrity: sha512-s+YsZlgiXNq8XkgHs6xdvKDFOj/bwTEevqEY6rC2I3cBHbxXYU1LOZstH3Ffw9hE5tE1sqT7U23C00MzkXztMw==}
    engines: {node: '>=14.21.3'}
    cpu: [x64]
    os: [linux]

  '@biomejs/cli-win32-arm64@2.3.13':
    resolution: {integrity: sha512-QweDxY89fq0VvrxME+wS/BXKmqMrOTZlN9SqQ79kQSIc3FrEwvW/PvUegQF6XIVaekncDykB5dzPqjbwSKs9DA==}
    engines: {node: '>=14.21.3'}
    cpu: [arm64]
    os: [win32]

  '@biomejs/cli-win32-x64@2.3.13':
    resolution: {integrity: sha512-trDw2ogdM2lyav9WFQsdsfdVy1dvZALymRpgmWsvSez0BJzBjulhOT/t+wyKeh3pZWvwP3VMs1SoOKwO3wecMQ==}
    engines: {node: '>=14.21.3'}
    cpu: [x64]
    os: [win32]

  '@emnapi/core@1.8.1':
    resolution: {integrity: sha512-AvT9QFpxK0Zd8J0jopedNm+w/2fIzvtPKPjqyw9jwvBaReTTqPBk9Hixaz7KbjimP+QNz605/XnjFcDAL2pqBg==}

  '@emnapi/runtime@1.8.1':
    resolution: {integrity: sha512-mehfKSMWjjNol8659Z8KxEMrdSJDDot5SXMq00dM8BN4o+CLNXQ0xH2V7EchNHV4RmbZLmmPdEaXZc5H2FXmDg==}

  '@emnapi/wasi-threads@1.1.0':
    resolution: {integrity: sha512-WI0DdZ8xFSbgMjR1sFsKABJ/C5OnRrjT06JXbZKexJGrDuPTzZdDYfFlsgcCXCyf+suG5QU2e/y1Wo2V/OapLQ==}

  '@jridgewell/gen-mapping@0.3.13':
    resolution: {integrity: sha512-2kkt/7niJ6MgEPxF0bYdQ6etZaA+fQvDcLKckhy1yIQOzaoKjBBjSj63/aLVjYE3qhRt5dvM+uUyfCg6UKCBbA==}

  '@jridgewell/remapping@2.3.5':
    resolution: {integrity: sha512-LI9u/+laYG4Ds1TDKSJW2YPrIlcVYOwi2fUC6xB43lueCjgxV4lffOCZCtYFiH6TNOX+tQKXx97T4IKHbhyHEQ==}

  '@jridgewell/resolve-uri@3.1.2':
    resolution: {integrity: sha512-bRISgCIjP20/tbWSPWMEi54QVPRZExkuD9lJL+UIxUKtwVJA8wW1Trb1jMs1RFXo1CBTNZ/5hpC9QvmKWdopKw==}
    engines: {node: '>=6.0.0'}

  '@jridgewell/sourcemap-codec@1.5.5':
    resolution: {integrity: sha512-cYQ9310grqxueWbl+WuIUIaiUaDcj7WOq5fVhEljNVgRfOUhY9fy2zTvfoqWsnebh8Sl70VScFbICvJnLKB0Og==}

  '@jridgewell/trace-mapping@0.3.31':
    resolution: {integrity: sha512-zzNR+SdQSDJzc8joaeP8QQoCQr8NuYx2dIIytl1QeBEZHJ9uW6hebsrYgbz8hJwUQao3TWCMtmfV8Nu1twOLAw==}

  '@module-federation/error-codes@0.22.0':
    resolution: {integrity: sha512-xF9SjnEy7vTdx+xekjPCV5cIHOGCkdn3pIxo9vU7gEZMIw0SvAEdsy6Uh17xaCpm8V0FWvR0SZoK9Ik6jGOaug==}

  '@module-federation/runtime-core@0.22.0':
    resolution: {integrity: sha512-GR1TcD6/s7zqItfhC87zAp30PqzvceoeDGYTgF3Vx2TXvsfDrhP6Qw9T4vudDQL3uJRne6t7CzdT29YyVxlgIA==}

  '@module-federation/runtime-tools@0.22.0':
    resolution: {integrity: sha512-4ScUJ/aUfEernb+4PbLdhM/c60VHl698Gn1gY21m9vyC1Ucn69fPCA1y2EwcCB7IItseRMoNhdcWQnzt/OPCNA==}

  '@module-federation/runtime@0.22.0':
    resolution: {integrity: sha512-38g5iPju2tPC3KHMPxRKmy4k4onNp6ypFPS1eKGsNLUkXgHsPMBFqAjDw96iEcjri91BrahG4XcdyKi97xZzlA==}

  '@module-federation/sdk@0.22.0':
    resolution: {integrity: sha512-x4aFNBKn2KVQRuNVC5A7SnrSCSqyfIWmm1DvubjbO9iKFe7ith5niw8dqSFBekYBg2Fwy+eMg4sEFNVvCAdo6g==}

  '@module-federation/webpack-bundler-runtime@0.22.0':
    resolution: {integrity: sha512-aM8gCqXu+/4wBmJtVeMeeMN5guw3chf+2i6HajKtQv7SJfxV/f4IyNQJUeUQu9HfiAZHjqtMV5Lvq/Lvh8LdyA==}

  '@napi-rs/wasm-runtime@1.0.7':
    resolution: {integrity: sha512-SeDnOO0Tk7Okiq6DbXmmBODgOAb9dp9gjlphokTUxmt8U3liIP1ZsozBahH69j/RJv+Rfs6IwUKHTgQYJ/HBAw==}

  '@opentelemetry/api-logs@0.208.0':
    resolution: {integrity: sha512-CjruKY9V6NMssL/T1kAFgzosF1v9o6oeN+aX5JB/C/xPNtmgIJqcXHG7fA82Ou1zCpWGl4lROQUKwUNE1pMCyg==}
    engines: {node: '>=8.0.0'}

  '@opentelemetry/api@1.9.0':
    resolution: {integrity: sha512-3giAOQvZiH5F9bMlMiv8+GSPMeqg0dbaeo58/0SlA9sxSqZhnUtxzX9/2FzyhS9sWQf5S0GJE0AKBrFqjpeYcg==}
    engines: {node: '>=8.0.0'}

  '@opentelemetry/core@2.2.0':
    resolution: {integrity: sha512-FuabnnUm8LflnieVxs6eP7Z383hgQU4W1e3KJS6aOG3RxWxcHyBxH8fDMHNgu/gFx/M2jvTOW/4/PHhLz6bjWw==}
    engines: {node: ^18.19.0 || >=20.6.0}
    peerDependencies:
      '@opentelemetry/api': '>=1.0.0 <1.10.0'

  '@opentelemetry/core@2.5.0':
    resolution: {integrity: sha512-ka4H8OM6+DlUhSAZpONu0cPBtPPTQKxbxVzC4CzVx5+K4JnroJVBtDzLAMx4/3CDTJXRvVFhpFjtl4SaiTNoyQ==}
    engines: {node: ^18.19.0 || >=20.6.0}
    peerDependencies:
      '@opentelemetry/api': '>=1.0.0 <1.10.0'

  '@opentelemetry/exporter-logs-otlp-http@0.208.0':
    resolution: {integrity: sha512-jOv40Bs9jy9bZVLo/i8FwUiuCvbjWDI+ZW13wimJm4LjnlwJxGgB+N/VWOZUTpM+ah/awXeQqKdNlpLf2EjvYg==}
    engines: {node: ^18.19.0 || >=20.6.0}
    peerDependencies:
      '@opentelemetry/api': ^1.3.0

  '@opentelemetry/otlp-exporter-base@0.208.0':
    resolution: {integrity: sha512-gMd39gIfVb2OgxldxUtOwGJYSH8P1kVFFlJLuut32L6KgUC4gl1dMhn+YC2mGn0bDOiQYSk/uHOdSjuKp58vvA==}
    engines: {node: ^18.19.0 || >=20.6.0}
    peerDependencies:
      '@opentelemetry/api': ^1.3.0

  '@opentelemetry/otlp-transformer@0.208.0':
    resolution: {integrity: sha512-DCFPY8C6lAQHUNkzcNT9R+qYExvsk6C5Bto2pbNxgicpcSWbe2WHShLxkOxIdNcBiYPdVHv/e7vH7K6TI+C+fQ==}
    engines: {node: ^18.19.0 || >=20.6.0}
    peerDependencies:
      '@opentelemetry/api': ^1.3.0

  '@opentelemetry/resources@2.2.0':
    resolution: {integrity: sha512-1pNQf/JazQTMA0BiO5NINUzH0cbLbbl7mntLa4aJNmCCXSj0q03T5ZXXL0zw4G55TjdL9Tz32cznGClf+8zr5A==}
    engines: {node: ^18.19.0 || >=20.6.0}
    peerDependencies:
      '@opentelemetry/api': '>=1.3.0 <1.10.0'

  '@opentelemetry/resources@2.5.0':
    resolution: {integrity: sha512-F8W52ApePshpoSrfsSk1H2yJn9aKjCrbpQF1M9Qii0GHzbfVeFUB+rc3X4aggyZD8x9Gu3Slua+s6krmq6Dt8g==}
    engines: {node: ^18.19.0 || >=20.6.0}
    peerDependencies:
      '@opentelemetry/api': '>=1.3.0 <1.10.0'

  '@opentelemetry/sdk-logs@0.208.0':
    resolution: {integrity: sha512-QlAyL1jRpOeaqx7/leG1vJMp84g0xKP6gJmfELBpnI4O/9xPX+Hu5m1POk9Kl+veNkyth5t19hRlN6tNY1sjbA==}
    engines: {node: ^18.19.0 || >=20.6.0}
    peerDependencies:
      '@opentelemetry/api': '>=1.4.0 <1.10.0'

  '@opentelemetry/sdk-metrics@2.2.0':
    resolution: {integrity: sha512-G5KYP6+VJMZzpGipQw7Giif48h6SGQ2PFKEYCybeXJsOCB4fp8azqMAAzE5lnnHK3ZVwYQrgmFbsUJO/zOnwGw==}
    engines: {node: ^18.19.0 || >=20.6.0}
    peerDependencies:
      '@opentelemetry/api': '>=1.9.0 <1.10.0'

  '@opentelemetry/sdk-trace-base@2.2.0':
    resolution: {integrity: sha512-xWQgL0Bmctsalg6PaXExmzdedSp3gyKV8mQBwK/j9VGdCDu2fmXIb2gAehBKbkXCpJ4HPkgv3QfoJWRT4dHWbw==}
    engines: {node: ^18.19.0 || >=20.6.0}
    peerDependencies:
      '@opentelemetry/api': '>=1.3.0 <1.10.0'

  '@opentelemetry/semantic-conventions@1.39.0':
    resolution: {integrity: sha512-R5R9tb2AXs2IRLNKLBJDynhkfmx7mX0vi8NkhZb3gUkPWHn6HXk5J8iQ/dql0U3ApfWym4kXXmBDRGO+oeOfjg==}
    engines: {node: '>=14'}

  '@posthog/core@1.17.0':
    resolution: {integrity: sha512-8pDNL+/u9ojzXloA5wILVDXBCV5daJ7w2ipCALQlEEZmL752cCKhRpbyiHn3tjKXh3Hy6aOboJneYa1JdlVHrQ==}

  '@posthog/types@1.336.4':
    resolution: {integrity: sha512-BY3cq/8segbXEvHbEXx9SWmaKJEM0AGgsOgMFH2yy13AV+rUHsGcp4Z5LDI5pU25DURN9EAZvzcoVyYy/Iokmw==}

  '@preact/signals-core@1.12.2':
    resolution: {integrity: sha512-5Yf8h1Ke3SMHr15xl630KtwPTW4sYDFkkxS0vQ8UiQLWwZQnrF9IKaVG1mN5VcJz52EcWs2acsc/Npjha/7ysA==}

  '@preact/signals@2.6.2':
    resolution: {integrity: sha512-80PMfNS3d8t/J3cRNEJP14zRioWnavgqzX/+tsNGiCX6rpD26+eLkUQpa1sIeOERZMink+dAi34y0MJhg11LKQ==}
    peerDependencies:
      preact: '>= 10.25.0 || >=11.0.0-0'

  '@prefresh/core@1.5.9':
    resolution: {integrity: sha512-IKBKCPaz34OFVC+adiQ2qaTF5qdztO2/4ZPf4KsRTgjKosWqxVXmEbxCiUydYZRY8GVie+DQlKzQr9gt6HQ+EQ==}
    peerDependencies:
      preact: ^10.0.0 || ^11.0.0-0

  '@prefresh/utils@1.2.1':
    resolution: {integrity: sha512-vq/sIuN5nYfYzvyayXI4C2QkprfNaHUQ9ZX+3xLD8nL3rWyzpxOm1+K7RtMbhd+66QcaISViK7amjnheQ/4WZw==}

  '@protobufjs/aspromise@1.1.2':
    resolution: {integrity: sha512-j+gKExEuLmKwvz3OgROXtrJ2UG2x8Ch2YZUxahh+s1F2HZ+wAceUNLkvy6zKCPVRkU++ZWQrdxsUeQXmcg4uoQ==}

  '@protobufjs/base64@1.1.2':
    resolution: {integrity: sha512-AZkcAA5vnN/v4PDqKyMR5lx7hZttPDgClv83E//FMNhR2TMcLUhfRUBHCmSl0oi9zMgDDqRUJkSxO3wm85+XLg==}

  '@protobufjs/codegen@2.0.4':
    resolution: {integrity: sha512-YyFaikqM5sH0ziFZCN3xDC7zeGaB/d0IUb9CATugHWbd1FRFwWwt4ld4OYMPWu5a3Xe01mGAULCdqhMlPl29Jg==}

  '@protobufjs/eventemitter@1.1.0':
    resolution: {integrity: sha512-j9ednRT81vYJ9OfVuXG6ERSTdEL1xVsNgqpkxMsbIabzSo3goCjDIveeGv5d03om39ML71RdmrGNjG5SReBP/Q==}

  '@protobufjs/fetch@1.1.0':
    resolution: {integrity: sha512-lljVXpqXebpsijW71PZaCYeIcE5on1w5DlQy5WH6GLbFryLUrBD4932W/E2BSpfRJWseIL4v/KPgBFxDOIdKpQ==}

  '@protobufjs/float@1.0.2':
    resolution: {integrity: sha512-Ddb+kVXlXst9d+R9PfTIxh1EdNkgoRe5tOX6t01f1lYWOvJnSPDBlG241QLzcyPdoNTsblLUdujGSE4RzrTZGQ==}

  '@protobufjs/inquire@1.1.0':
    resolution: {integrity: sha512-kdSefcPdruJiFMVSbn801t4vFK7KB/5gd2fYvrxhuJYg8ILrmn9SKSX2tZdV6V+ksulWqS7aXjBcRXl3wHoD9Q==}

  '@protobufjs/path@1.1.2':
    resolution: {integrity: sha512-6JOcJ5Tm08dOHAbdR3GrvP+yUUfkjG5ePsHYczMFLq3ZmMkAD98cDgcT2iA1lJ9NVwFd4tH/iSSoe44YWkltEA==}

  '@protobufjs/pool@1.1.0':
    resolution: {integrity: sha512-0kELaGSIDBKvcgS4zkjz1PeddatrjYcmMWOlAuAPwAeccUrPHdUqo/J6LiymHHEiJT5NrF1UVwxY14f+fy4WQw==}

  '@protobufjs/utf8@1.1.0':
    resolution: {integrity: sha512-Vvn3zZrhQZkkBE8LSuW3em98c0FwgO4nxzv6OdSxPKJIEKY2bGbHn+mhGIPerzI4twdxaP8/0+06HBpwf345Lw==}

  '@rsbuild/core@1.7.2':
    resolution: {integrity: sha512-VAFO6cM+cyg2ntxNW6g3tB2Jc5J5mpLjLluvm7VtW2uceNzyUlVv41o66Yp1t1ikxd3ljtqegViXem62JqzveA==}
    engines: {node: '>=18.12.0'}
    hasBin: true

  '@rsbuild/plugin-preact@1.7.1':
    resolution: {integrity: sha512-FRBO4kQ72s6s4F2D7MMMljSD4tjkMg9cCfJg/UBnX+rySLiWFDSG5zsM7G6ALcLWEriYCMupmD7LJL+eDA+nGA==}
    peerDependencies:
      '@rsbuild/core': ^1.0.0 || ^2.0.0-0

  '@rspack/binding-darwin-arm64@1.7.4':
    resolution: {integrity: sha512-d4FTW/TkqvU9R1PsaK2tbLG1uY0gAlxy3rEiQYrFRAOVTMOFkPasypmvhwD5iWrPIhkjIi79IkgrSzRJaP2ZwA==}
    cpu: [arm64]
    os: [darwin]

  '@rspack/binding-darwin-x64@1.7.4':
    resolution: {integrity: sha512-Oq65S5szs3+In9hVWfPksdL6EUu1+SFZK3oQINP3kMJ5zPzrdyiue+L5ClpTU/VMKVxfQTdCBsI6OVJNnaLBiA==}
    cpu: [x64]
    os: [darwin]

  '@rspack/binding-linux-arm64-gnu@1.7.4':
    resolution: {integrity: sha512-sTpfCraAtYZBhdw9Xx5a19OgJ/mBELTi61utZzrO3bV6BFEulvOdmnNjpgb0xv1KATtNI8YxECohUzekk1WsOA==}
    cpu: [arm64]
    os: [linux]

  '@rspack/binding-linux-arm64-musl@1.7.4':
    resolution: {integrity: sha512-sw8jZbUe13Ry0/tnUt1pSdwkaPtSzKuveq+b6/CUT26I3DKfJQoG0uJbjj2quMe4ks3jDmoGlxuRe4D/fWUoSg==}
    cpu: [arm64]
    os: [linux]

  '@rspack/binding-linux-x64-gnu@1.7.4':
    resolution: {integrity: sha512-1W6LU0wR/TxB+8pogt0pn0WRwbQmKfu9839p/VBuSkNdWR4aljAhYO6RxsLQLCLrDAqEyrpeYWsWJBvAJ4T/pA==}
    cpu: [x64]
    os: [linux]

  '@rspack/binding-linux-x64-musl@1.7.4':
    resolution: {integrity: sha512-rkmu8qLnm/q8J14ZQZ04SnPNzdRNgzAoKJCTbnhCzcuL5k5e20LUFfGuS6j7Io1/UdVMOjz/u7R6b9h/qA1Scw==}
    cpu: [x64]
    os: [linux]

  '@rspack/binding-wasm32-wasi@1.7.4':
    resolution: {integrity: sha512-6BQvLbDtUVkTN5o1QYLYKAYuXavC4ER5Vn/amJEoecbM9F25MNAv28inrXs7BQ4cHSU4WW/F4yZPGnA+jUZLyw==}
    cpu: [wasm32]

  '@rspack/binding-win32-arm64-msvc@1.7.4':
    resolution: {integrity: sha512-kipggu7xVPhnAkAV7koSDVbBuuMDMA4hX60DNJKTS6fId3XNHcZqWKIsWGOt0yQ6KV7I3JRRBDotKLx6uYaRWw==}
    cpu: [arm64]
    os: [win32]

  '@rspack/binding-win32-ia32-msvc@1.7.4':
    resolution: {integrity: sha512-9Zdozc13AUQHqagDDHxHml1FnZZWuSj/uP+SxtlTlQaiIE9GDH3n0cUio1GUq+cBKbcXeiE3dJMGJxhiFaUsxA==}
    cpu: [ia32]
    os: [win32]

  '@rspack/binding-win32-x64-msvc@1.7.4':
    resolution: {integrity: sha512-3a/jZTUrvU340IuRcxul+ccsDtdrMaGq/vi4HNcWalL0H2xeOeuieBAV8AZqaRjmxMu8OyRcpcSrkHtN1ol/eA==}
    cpu: [x64]
    os: [win32]

  '@rspack/binding@1.7.4':
    resolution: {integrity: sha512-BOACDXd9aTrdJgqa88KGxnTGdUdVLAClTCLhSvdNvQZIcaVLOB1qtW0TvqjZ19MxuQB/Cba5u/ILc5DNXxuDhg==}

  '@rspack/core@1.7.4':
    resolution: {integrity: sha512-6QNqcsRSy1WbAGvjA2DAEx4yyAzwrvT6vd24Kv4xdZHdvF6FmcUbr5J+mLJ1jSOXvpNhZ+RzN37JQ8fSmytEtw==}
    engines: {node: '>=18.12.0'}
    peerDependencies:
      '@swc/helpers': '>=0.5.1'
    peerDependenciesMeta:
      '@swc/helpers':
        optional: true

  '@rspack/lite-tapable@1.1.0':
    resolution: {integrity: sha512-E2B0JhYFmVAwdDiG14+DW0Di4Ze4Jg10Pc4/lILUrd5DRCaklduz2OvJ5HYQ6G+hd+WTzqQb3QnDNfK4yvAFYw==}

  '@rspack/plugin-preact-refresh@1.1.5':
    resolution: {integrity: sha512-1oXF8ovAF+XoMcZ1qjeJ+l28qXAnKmVulV8Q5/Q1bXDkfMBmvC10O94wpxojcIY/kdMrHIFTfWbUhm0qBcYeGA==}
    peerDependencies:
      '@prefresh/core': ^1.5.0
      '@prefresh/utils': ^1.2.0

  '@swc/counter@0.1.3':
    resolution: {integrity: sha512-e2BR4lsJkkRlKZ/qCHPw9ZaSxc0MVUd7gtbtaB7aMvHeJVYe8sOB8DBZkP2DtISHGSku9sCK6T6cnY0CtXrOCQ==}

  '@swc/helpers@0.5.18':
    resolution: {integrity: sha512-TXTnIcNJQEKwThMMqBXsZ4VGAza6bvN4pa41Rkqoio6QBKMvo+5lexeTMScGCIxtzgQJzElcvIltani+adC5PQ==}

  '@swc/plugin-prefresh@12.5.0':
    resolution: {integrity: sha512-3hzfjzNpVeLX6Gt3NAZyK8ZIjEL1Ign4YNdJaq9kgeiDf2IjyWFUW+7nb+L9ms0nWiK7czNIRItW1eDy2k1fsw==}

  '@tailwindcss/node@4.1.18':
    resolution: {integrity: sha512-DoR7U1P7iYhw16qJ49fgXUlry1t4CpXeErJHnQ44JgTSKMaZUdf17cfn5mHchfJ4KRBZRFA/Coo+MUF5+gOaCQ==}

  '@tailwindcss/oxide-android-arm64@4.1.18':
    resolution: {integrity: sha512-dJHz7+Ugr9U/diKJA0W6N/6/cjI+ZTAoxPf9Iz9BFRF2GzEX8IvXxFIi/dZBloVJX/MZGvRuFA9rqwdiIEZQ0Q==}
    engines: {node: '>= 10'}
    cpu: [arm64]
    os: [android]

  '@tailwindcss/oxide-darwin-arm64@4.1.18':
    resolution: {integrity: sha512-Gc2q4Qhs660bhjyBSKgq6BYvwDz4G+BuyJ5H1xfhmDR3D8HnHCmT/BSkvSL0vQLy/nkMLY20PQ2OoYMO15Jd0A==}
    engines: {node: '>= 10'}
    cpu: [arm64]
    os: [darwin]

  '@tailwindcss/oxide-darwin-x64@4.1.18':
    resolution: {integrity: sha512-FL5oxr2xQsFrc3X9o1fjHKBYBMD1QZNyc1Xzw/h5Qu4XnEBi3dZn96HcHm41c/euGV+GRiXFfh2hUCyKi/e+yw==}
    engines: {node: '>= 10'}
    cpu: [x64]
    os: [darwin]

  '@tailwindcss/oxide-freebsd-x64@4.1.18':
    resolution: {integrity: sha512-Fj+RHgu5bDodmV1dM9yAxlfJwkkWvLiRjbhuO2LEtwtlYlBgiAT4x/j5wQr1tC3SANAgD+0YcmWVrj8R9trVMA==}
    engines: {node: '>= 10'}
    cpu: [x64]
    os: [freebsd]

  '@tailwindcss/oxide-linux-arm-gnueabihf@4.1.18':
    resolution: {integrity: sha512-Fp+Wzk/Ws4dZn+LV2Nqx3IilnhH51YZoRaYHQsVq3RQvEl+71VGKFpkfHrLM/Li+kt5c0DJe/bHXK1eHgDmdiA==}
    engines: {node: '>= 10'}
    cpu: [arm]
    os: [linux]

  '@tailwindcss/oxide-linux-arm64-gnu@4.1.18':
    resolution: {integrity: sha512-S0n3jboLysNbh55Vrt7pk9wgpyTTPD0fdQeh7wQfMqLPM/Hrxi+dVsLsPrycQjGKEQk85Kgbx+6+QnYNiHalnw==}
    engines: {node: '>= 10'}
    cpu: [arm64]
    os: [linux]

  '@tailwindcss/oxide-linux-arm64-musl@4.1.18':
    resolution: {integrity: sha512-1px92582HkPQlaaCkdRcio71p8bc8i/ap5807tPRDK/uw953cauQBT8c5tVGkOwrHMfc2Yh6UuxaH4vtTjGvHg==}
    engines: {node: '>= 10'}
    cpu: [arm64]
    os: [linux]

  '@tailwindcss/oxide-linux-x64-gnu@4.1.18':
    resolution: {integrity: sha512-v3gyT0ivkfBLoZGF9LyHmts0Isc8jHZyVcbzio6Wpzifg/+5ZJpDiRiUhDLkcr7f/r38SWNe7ucxmGW3j3Kb/g==}
    engines: {node: '>= 10'}
    cpu: [x64]
    os: [linux]

  '@tailwindcss/oxide-linux-x64-musl@4.1.18':
    resolution: {integrity: sha512-bhJ2y2OQNlcRwwgOAGMY0xTFStt4/wyU6pvI6LSuZpRgKQwxTec0/3Scu91O8ir7qCR3AuepQKLU/kX99FouqQ==}
    engines: {node: '>= 10'}
    cpu: [x64]
    os: [linux]

  '@tailwindcss/oxide-wasm32-wasi@4.1.18':
    resolution: {integrity: sha512-LffYTvPjODiP6PT16oNeUQJzNVyJl1cjIebq/rWWBF+3eDst5JGEFSc5cWxyRCJ0Mxl+KyIkqRxk1XPEs9x8TA==}
    engines: {node: '>=14.0.0'}
    cpu: [wasm32]
    bundledDependencies:
      - '@napi-rs/wasm-runtime'
      - '@emnapi/core'
      - '@emnapi/runtime'
      - '@tybys/wasm-util'
      - '@emnapi/wasi-threads'
      - tslib

  '@tailwindcss/oxide-win32-arm64-msvc@4.1.18':
    resolution: {integrity: sha512-HjSA7mr9HmC8fu6bdsZvZ+dhjyGCLdotjVOgLA2vEqxEBZaQo9YTX4kwgEvPCpRh8o4uWc4J/wEoFzhEmjvPbA==}
    engines: {node: '>= 10'}
    cpu: [arm64]
    os: [win32]

  '@tailwindcss/oxide-win32-x64-msvc@4.1.18':
    resolution: {integrity: sha512-bJWbyYpUlqamC8dpR7pfjA0I7vdF6t5VpUGMWRkXVE3AXgIZjYUYAK7II1GNaxR8J1SSrSrppRar8G++JekE3Q==}
    engines: {node: '>= 10'}
    cpu: [x64]
    os: [win32]

  '@tailwindcss/oxide@4.1.18':
    resolution: {integrity: sha512-EgCR5tTS5bUSKQgzeMClT6iCY3ToqE1y+ZB0AKldj809QXk1Y+3jB0upOYZrn9aGIzPtUsP7sX4QQ4XtjBB95A==}
    engines: {node: '>= 10'}

  '@tailwindcss/postcss@4.1.18':
    resolution: {integrity: sha512-Ce0GFnzAOuPyfV5SxjXGn0CubwGcuDB0zcdaPuCSzAa/2vII24JTkH+I6jcbXLb1ctjZMZZI6OjDaLPJQL1S0g==}

  '@tybys/wasm-util@0.10.1':
    resolution: {integrity: sha512-9tTaPJLSiejZKx+Bmog4uSubteqTvFrVrURwkmHixBo0G4seD0zUxp98E1DzUBJxLQ3NPwXrGKDiVjwx/DpPsg==}

  '@types/node@25.2.0':
    resolution: {integrity: sha512-DZ8VwRFUNzuqJ5khrvwMXHmvPe+zGayJhr2CDNiKB1WBE1ST8Djl00D0IC4vvNmHMdj6DlbYRIaFE7WHjlDl5w==}

  '@types/trusted-types@2.0.7':
    resolution: {integrity: sha512-ScaPdn1dQczgbl0QFTeTOmVHFULt394XJgOQNoyVhZ6r2vLnMLJfBPd53SB52T/3G36VI1/g2MZaX0cwDuXsfw==}

  core-js@3.47.0:
    resolution: {integrity: sha512-c3Q2VVkGAUyupsjRnaNX6u8Dq2vAdzm9iuPj5FW0fRxzlxgq9Q39MDq10IvmQSpLgHQNyQzQmOo6bgGHmH3NNg==}

  core-js@3.48.0:
    resolution: {integrity: sha512-zpEHTy1fjTMZCKLHUZoVeylt9XrzaIN2rbPXEt0k+q7JE5CkCZdo6bNq55bn24a69CH7ErAVLKijxJja4fw+UQ==}

  cross-spawn@7.0.6:
    resolution: {integrity: sha512-uV2QOWP2nWzsy2aMp8aRibhi9dlzF5Hgh5SHaB9OiTGEyDTiJJyx0uy51QXdyWbtAHNua4XJzUKca3OzKUd3vA==}
    engines: {node: '>= 8'}

  daisyui@5.5.17:
    resolution: {integrity: sha512-Y8QWps/990Epp0Gn+7ReeALSXgwrd3W36waokJvHgqUdYx6t2sj0e1krW3+YqviBa57XTJqHJNTt8HMvcODL2Q==}

  detect-libc@2.1.2:
    resolution: {integrity: sha512-Btj2BOOO83o3WyH59e8MgXsxEQVcarkUOpEYrubB0urwnN10yQ364rsiByU11nZlqWYZm05i/of7io4mzihBtQ==}
    engines: {node: '>=8'}

  dompurify@3.3.1:
    resolution: {integrity: sha512-qkdCKzLNtrgPFP1Vo+98FRzJnBRGe4ffyCea9IwHB1fyxPOeNTHpLKYGd4Uk9xvNoH0ZoOjwZxNptyMwqrId1Q==}

  enhanced-resolve@5.18.4:
    resolution: {integrity: sha512-LgQMM4WXU3QI+SYgEc2liRgznaD5ojbmY3sb8LxyguVkIg5FxdpTkvk72te2R38/TGKxH634oLxXRGY6d7AP+Q==}
    engines: {node: '>=10.13.0'}

  fflate@0.4.8:
    resolution: {integrity: sha512-FJqqoDBR00Mdj9ppamLa/Y7vxm+PRmNWA67N846RvsoYVMKB4q3y/de5PA7gUmRMYK/8CMz2GDZQmCRN1wBcWA==}

  graceful-fs@4.2.11:
    resolution: {integrity: sha512-RbJ5/jmFcNNCcDV5o9eTnBLJ/HszWV0P73bc+Ff4nS/rJj+YaS6IGyiOL0VoBYX+l1Wrl3k63h/KrH+nhJ0XvQ==}

  isexe@2.0.0:
    resolution: {integrity: sha512-RHxMLp9lnKHGHRng9QFhRCMbYAcVpn69smSGcq3f36xjgVVWThj4qqLbTLlq7Ssj8B+fIQ1EuCEGI2lKsyQeIw==}

  jiti@2.6.1:
    resolution: {integrity: sha512-ekilCSN1jwRvIbgeg/57YFh8qQDNbwDb9xT/qu2DAHbFFZUicIl4ygVaAvzveMhMVr3LnpSKTNnwt8PoOfmKhQ==}
    hasBin: true

  lightningcss-android-arm64@1.30.2:
    resolution: {integrity: sha512-BH9sEdOCahSgmkVhBLeU7Hc9DWeZ1Eb6wNS6Da8igvUwAe0sqROHddIlvU06q3WyXVEOYDZ6ykBZQnjTbmo4+A==}
    engines: {node: '>= 12.0.0'}
    cpu: [arm64]
    os: [android]

  lightningcss-darwin-arm64@1.30.2:
    resolution: {integrity: sha512-ylTcDJBN3Hp21TdhRT5zBOIi73P6/W0qwvlFEk22fkdXchtNTOU4Qc37SkzV+EKYxLouZ6M4LG9NfZ1qkhhBWA==}
    engines: {node: '>= 12.0.0'}
    cpu: [arm64]
    os: [darwin]

  lightningcss-darwin-x64@1.30.2:
    resolution: {integrity: sha512-oBZgKchomuDYxr7ilwLcyms6BCyLn0z8J0+ZZmfpjwg9fRVZIR5/GMXd7r9RH94iDhld3UmSjBM6nXWM2TfZTQ==}
    engines: {node: '>= 12.0.0'}
    cpu: [x64]
    os: [darwin]

  lightningcss-freebsd-x64@1.30.2:
    resolution: {integrity: sha512-c2bH6xTrf4BDpK8MoGG4Bd6zAMZDAXS569UxCAGcA7IKbHNMlhGQ89eRmvpIUGfKWNVdbhSbkQaWhEoMGmGslA==}
    engines: {node: '>= 12.0.0'}
    cpu: [x64]
    os: [freebsd]

  lightningcss-linux-arm-gnueabihf@1.30.2:
    resolution: {integrity: sha512-eVdpxh4wYcm0PofJIZVuYuLiqBIakQ9uFZmipf6LF/HRj5Bgm0eb3qL/mr1smyXIS1twwOxNWndd8z0E374hiA==}
    engines: {node: '>= 12.0.0'}
    cpu: [arm]
    os: [linux]

  lightningcss-linux-arm64-gnu@1.30.2:
    resolution: {integrity: sha512-UK65WJAbwIJbiBFXpxrbTNArtfuznvxAJw4Q2ZGlU8kPeDIWEX1dg3rn2veBVUylA2Ezg89ktszWbaQnxD/e3A==}
    engines: {node: '>= 12.0.0'}
    cpu: [arm64]
    os: [linux]

  lightningcss-linux-arm64-musl@1.30.2:
    resolution: {integrity: sha512-5Vh9dGeblpTxWHpOx8iauV02popZDsCYMPIgiuw97OJ5uaDsL86cnqSFs5LZkG3ghHoX5isLgWzMs+eD1YzrnA==}
    engines: {node: '>= 12.0.0'}
    cpu: [arm64]
    os: [linux]

  lightningcss-linux-x64-gnu@1.30.2:
    resolution: {integrity: sha512-Cfd46gdmj1vQ+lR6VRTTadNHu6ALuw2pKR9lYq4FnhvgBc4zWY1EtZcAc6EffShbb1MFrIPfLDXD6Xprbnni4w==}
    engines: {node: '>= 12.0.0'}
    cpu: [x64]
    os: [linux]

  lightningcss-linux-x64-musl@1.30.2:
    resolution: {integrity: sha512-XJaLUUFXb6/QG2lGIW6aIk6jKdtjtcffUT0NKvIqhSBY3hh9Ch+1LCeH80dR9q9LBjG3ewbDjnumefsLsP6aiA==}
    engines: {node: '>= 12.0.0'}
    cpu: [x64]
    os: [linux]

  lightningcss-win32-arm64-msvc@1.30.2:
    resolution: {integrity: sha512-FZn+vaj7zLv//D/192WFFVA0RgHawIcHqLX9xuWiQt7P0PtdFEVaxgF9rjM/IRYHQXNnk61/H/gb2Ei+kUQ4xQ==}
    engines: {node: '>= 12.0.0'}
    cpu: [arm64]
    os: [win32]

  lightningcss-win32-x64-msvc@1.30.2:
    resolution: {integrity: sha512-5g1yc73p+iAkid5phb4oVFMB45417DkRevRbt/El/gKXJk4jid+vPFF/AXbxn05Aky8PapwzZrdJShv5C0avjw==}
    engines: {node: '>= 12.0.0'}
    cpu: [x64]
    os: [win32]

  lightningcss@1.30.2:
    resolution: {integrity: sha512-utfs7Pr5uJyyvDETitgsaqSyjCb2qNRAtuqUeWIAKztsOYdcACf2KtARYXg2pSvhkt+9NfoaNY7fxjl6nuMjIQ==}
    engines: {node: '>= 12.0.0'}

  long@5.3.2:
    resolution: {integrity: sha512-mNAgZ1GmyNhD7AuqnTG3/VQ26o760+ZYBPKjPvugO8+nLbYfX6TVpJPseBvopbdY+qpZ/lKUnmEc1LeZYS3QAA==}

  magic-string@0.30.21:
    resolution: {integrity: sha512-vd2F4YUyEXKGcLHoq+TEyCjxueSeHnFxyyjNp80yg0XV4vUhnDer/lvvlqM/arB5bXQN5K2/3oinyCRyx8T2CQ==}

  nanoid@3.3.11:
    resolution: {integrity: sha512-N8SpfPUnUp1bK+PMYW8qSWdl9U+wwNWI4QKxOYDy9JAro3WMX7p2OeVRF9v+347pnakNevPmiHhNmZ2HbFA76w==}
    engines: {node: ^10 || ^12 || ^13.7 || ^14 || >=15.0.1}
    hasBin: true

  path-key@3.1.1:
    resolution: {integrity: sha512-ojmeN0qd+y0jszEtoY48r0Peq5dwMEkIlCOu6Q5f41lfkswXuKtYrhgoTpLnyIcHm24Uhqx+5Tqm2InSwLhE6Q==}
    engines: {node: '>=8'}

  picocolors@1.1.1:
    resolution: {integrity: sha512-xceH2snhtb5M9liqDsmEw56le376mTZkEX/jEb/RxNFyegNul7eNslCXP9FDj/Lcu0X8KEyMceP2ntpaHrDEVA==}

  pkpw@1.3.1:
    resolution: {integrity: sha512-5SiCcgyqgzdBTSTZ8vIRd/QXFdAv3rb7vjsRqEyTJhKpYCNuF2Bz/JJjuZqNGmDqgelBwfDtUNlaoUEWUjEyiA==}

  postcss@8.5.6:
    resolution: {integrity: sha512-3Ybi1tAuwAP9s0r1UQ2J4n5Y0G05bJkpUIO0/bI9MhwmD70S5aTWbXGBwxHrelT+XM1k6dM0pk+SwNkpTRN7Pg==}
    engines: {node: ^10 || ^12 || >=14}

  posthog-js@1.336.4:
    resolution: {integrity: sha512-NX81XaqOjS/gue3UsbAAuJxi6vD0AGy1HUvywBIhAArCwbTXKS04NhEFwUcYJdrmwXUf94MntEIWGoc1pTFDtg==}

  preact@10.28.3:
    resolution: {integrity: sha512-tCmoRkPQLpBeWzpmbhryairGnhW9tKV6c6gr/w+RhoRoKEJwsjzipwp//1oCpGPOchvSLaAPlpcJi9MwMmoPyA==}

  protobufjs@7.5.4:
    resolution: {integrity: sha512-CvexbZtbov6jW2eXAvLukXjXUW1TzFaivC46BpWc/3BpcCysb5Vffu+B3XHMm8lVEuy2Mm4XGex8hBSg1yapPg==}
    engines: {node: '>=12.0.0'}

  query-selector-shadow-dom@1.0.1:
    resolution: {integrity: sha512-lT5yCqEBgfoMYpf3F2xQRK7zEr1rhIIZuceDK6+xRkJQ4NMbHTwXqk4NkwDwQMNqXgG9r9fyHnzwNVs6zV5KRw==}

  shebang-command@2.0.0:
    resolution: {integrity: sha512-kHxr2zZpYtdmrN1qDjrrX/Z1rR1kG8Dx+gkpK1G4eXmvXswmcE1hTWBWYUzlraYw1/yZp6YuDY77YtvbN0dmDA==}
    engines: {node: '>=8'}

  shebang-regex@3.0.0:
    resolution: {integrity: sha512-7++dFhtcx3353uBaq8DDR4NuxBetBzC7ZQOhmTQInHEd6bSrXdiEyzCvG07Z44UYdLShWUyXt5M/yhz8ekcb1A==}
    engines: {node: '>=8'}

  source-map-js@1.2.1:
    resolution: {integrity: sha512-UXWMKhLOwVKb728IUtQPXxfYU+usdybtUrK/8uGE8CQMvrhOpwvzDBwj0QhSL7MQc7vIsISBG8VQ8+IDQxpfQA==}
    engines: {node: '>=0.10.0'}

  tailwindcss@4.1.18:
    resolution: {integrity: sha512-4+Z+0yiYyEtUVCScyfHCxOYP06L5Ne+JiHhY2IjR2KWMIWhJOYZKLSGZaP5HkZ8+bY0cxfzwDE5uOmzFXyIwxw==}

  tapable@2.3.0:
    resolution: {integrity: sha512-g9ljZiwki/LfxmQADO3dEY1CbpmXT5Hm2fJ+QaGKwSXUylMybePR7/67YW7jOrrvjEgL1Fmz5kzyAjWVWLlucg==}
    engines: {node: '>=6'}

  tslib@2.8.1:
    resolution: {integrity: sha512-oJFu94HQb+KVduSUQL7wnpmqnfmLsOA/nAh6b6EH0wCEoK0/mPeXU6c3wKDV83MkOuHPRHtSXKKU99IBazS/2w==}

  typescript@5.9.3:
    resolution: {integrity: sha512-jl1vZzPDinLr9eUt3J/t7V6FgNEw9QjvBPdysz9KfQDD41fQrC2Y4vKQdiaUpFT4bXlb1RHhLpp8wtm6M5TgSw==}
    engines: {node: '>=14.17'}
    hasBin: true

  undici-types@7.16.0:
    resolution: {integrity: sha512-Zz+aZWSj8LE6zoxD+xrjh4VfkIG8Ya6LvYkZqtUQGJPZjYl53ypCaUwWqo7eI0x66KBGeRo+mlBEkMSeSZ38Nw==}

  web-vitals@5.1.0:
    resolution: {integrity: sha512-ArI3kx5jI0atlTtmV0fWU3fjpLmq/nD3Zr1iFFlJLaqa5wLBkUSzINwBPySCX/8jRyjlmy1Volw1kz1g9XE4Jg==}

  which@2.0.2:
    resolution: {integrity: sha512-BLI3Tl1TW3Pvl70l3yq3Y64i+awpwXqsGBYWkkqMtnbXgrMD+yj7rhW0kuEDxzJaYXGjEW5ogapKNMEKNMjibA==}
    engines: {node: '>= 8'}
    hasBin: true

snapshots:

  '@alloc/quick-lru@5.2.0': {}

  '@biomejs/biome@2.3.13':
    optionalDependencies:
      '@biomejs/cli-darwin-arm64': 2.3.13
      '@biomejs/cli-darwin-x64': 2.3.13
      '@biomejs/cli-linux-arm64': 2.3.13
      '@biomejs/cli-linux-arm64-musl': 2.3.13
      '@biomejs/cli-linux-x64': 2.3.13
      '@biomejs/cli-linux-x64-musl': 2.3.13
      '@biomejs/cli-win32-arm64': 2.3.13
      '@biomejs/cli-win32-x64': 2.3.13

  '@biomejs/cli-darwin-arm64@2.3.13':
    optional: true

  '@biomejs/cli-darwin-x64@2.3.13':
    optional: true

  '@biomejs/cli-linux-arm64-musl@2.3.13':
    optional: true

  '@biomejs/cli-linux-arm64@2.3.13':
    optional: true

  '@biomejs/cli-linux-x64-musl@2.3.13':
    optional: true

  '@biomejs/cli-linux-x64@2.3.13':
    optional: true

  '@biomejs/cli-win32-arm64@2.3.13':
    optional: true

  '@biomejs/cli-win32-x64@2.3.13':
    optional: true

  '@emnapi/core@1.8.1':
    dependencies:
      '@emnapi/wasi-threads': 1.1.0
      tslib: 2.8.1
    optional: true

  '@emnapi/runtime@1.8.1':
    dependencies:
      tslib: 2.8.1
    optional: true

  '@emnapi/wasi-threads@1.1.0':
    dependencies:
      tslib: 2.8.1
    optional: true

  '@jridgewell/gen-mapping@0.3.13':
    dependencies:
      '@jridgewell/sourcemap-codec': 1.5.5
      '@jridgewell/trace-mapping': 0.3.31

  '@jridgewell/remapping@2.3.5':
    dependencies:
      '@jridgewell/gen-mapping': 0.3.13
      '@jridgewell/trace-mapping': 0.3.31

  '@jridgewell/resolve-uri@3.1.2': {}

  '@jridgewell/sourcemap-codec@1.5.5': {}

  '@jridgewell/trace-mapping@0.3.31':
    dependencies:
      '@jridgewell/resolve-uri': 3.1.2
      '@jridgewell/sourcemap-codec': 1.5.5

  '@module-federation/error-codes@0.22.0': {}

  '@module-federation/runtime-core@0.22.0':
    dependencies:
      '@module-federation/error-codes': 0.22.0
      '@module-federation/sdk': 0.22.0

  '@module-federation/runtime-tools@0.22.0':
    dependencies:
      '@module-federation/runtime': 0.22.0
      '@module-federation/webpack-bundler-runtime': 0.22.0

  '@module-federation/runtime@0.22.0':
    dependencies:
      '@module-federation/error-codes': 0.22.0
      '@module-federation/runtime-core': 0.22.0
      '@module-federation/sdk': 0.22.0

  '@module-federation/sdk@0.22.0': {}

  '@module-federation/webpack-bundler-runtime@0.22.0':
    dependencies:
      '@module-federation/runtime': 0.22.0
      '@module-federation/sdk': 0.22.0

  '@napi-rs/wasm-runtime@1.0.7':
    dependencies:
      '@emnapi/core': 1.8.1
      '@emnapi/runtime': 1.8.1
      '@tybys/wasm-util': 0.10.1
    optional: true

  '@opentelemetry/api-logs@0.208.0':
    dependencies:
      '@opentelemetry/api': 1.9.0

  '@opentelemetry/api@1.9.0': {}

  '@opentelemetry/core@2.2.0(@opentelemetry/api@1.9.0)':
    dependencies:
      '@opentelemetry/api': 1.9.0
      '@opentelemetry/semantic-conventions': 1.39.0

  '@opentelemetry/core@2.5.0(@opentelemetry/api@1.9.0)':
    dependencies:
      '@opentelemetry/api': 1.9.0
      '@opentelemetry/semantic-conventions': 1.39.0

  '@opentelemetry/exporter-logs-otlp-http@0.208.0(@opentelemetry/api@1.9.0)':
    dependencies:
      '@opentelemetry/api': 1.9.0
      '@opentelemetry/api-logs': 0.208.0
      '@opentelemetry/core': 2.2.0(@opentelemetry/api@1.9.0)
      '@opentelemetry/otlp-exporter-base': 0.208.0(@opentelemetry/api@1.9.0)
      '@opentelemetry/otlp-transformer': 0.208.0(@opentelemetry/api@1.9.0)
      '@opentelemetry/sdk-logs': 0.208.0(@opentelemetry/api@1.9.0)

  '@opentelemetry/otlp-exporter-base@0.208.0(@opentelemetry/api@1.9.0)':
    dependencies:
      '@opentelemetry/api': 1.9.0
      '@opentelemetry/core': 2.2.0(@opentelemetry/api@1.9.0)
      '@opentelemetry/otlp-transformer': 0.208.0(@opentelemetry/api@1.9.0)

  '@opentelemetry/otlp-transformer@0.208.0(@opentelemetry/api@1.9.0)':
    dependencies:
      '@opentelemetry/api': 1.9.0
      '@opentelemetry/api-logs': 0.208.0
      '@opentelemetry/core': 2.2.0(@opentelemetry/api@1.9.0)
      '@opentelemetry/resources': 2.2.0(@opentelemetry/api@1.9.0)
      '@opentelemetry/sdk-logs': 0.208.0(@opentelemetry/api@1.9.0)
      '@opentelemetry/sdk-metrics': 2.2.0(@opentelemetry/api@1.9.0)
      '@opentelemetry/sdk-trace-base': 2.2.0(@opentelemetry/api@1.9.0)
      protobufjs: 7.5.4

  '@opentelemetry/resources@2.2.0(@opentelemetry/api@1.9.0)':
    dependencies:
      '@opentelemetry/api': 1.9.0
      '@opentelemetry/core': 2.2.0(@opentelemetry/api@1.9.0)
      '@opentelemetry/semantic-conventions': 1.39.0

  '@opentelemetry/resources@2.5.0(@opentelemetry/api@1.9.0)':
    dependencies:
      '@opentelemetry/api': 1.9.0
      '@opentelemetry/core': 2.5.0(@opentelemetry/api@1.9.0)
      '@opentelemetry/semantic-conventions': 1.39.0

  '@opentelemetry/sdk-logs@0.208.0(@opentelemetry/api@1.9.0)':
    dependencies:
      '@opentelemetry/api': 1.9.0
      '@opentelemetry/api-logs': 0.208.0
      '@opentelemetry/core': 2.2.0(@opentelemetry/api@1.9.0)
      '@opentelemetry/resources': 2.2.0(@opentelemetry/api@1.9.0)

  '@opentelemetry/sdk-metrics@2.2.0(@opentelemetry/api@1.9.0)':
    dependencies:
      '@opentelemetry/api': 1.9.0
      '@opentelemetry/core': 2.2.0(@opentelemetry/api@1.9.0)
      '@opentelemetry/resources': 2.2.0(@opentelemetry/api@1.9.0)

  '@opentelemetry/sdk-trace-base@2.2.0(@opentelemetry/api@1.9.0)':
    dependencies:
      '@opentelemetry/api': 1.9.0
      '@opentelemetry/core': 2.2.0(@opentelemetry/api@1.9.0)
      '@opentelemetry/resources': 2.2.0(@opentelemetry/api@1.9.0)
      '@opentelemetry/semantic-conventions': 1.39.0

  '@opentelemetry/semantic-conventions@1.39.0': {}

  '@posthog/core@1.17.0':
    dependencies:
      cross-spawn: 7.0.6

  '@posthog/types@1.336.4': {}

  '@preact/signals-core@1.12.2': {}

  '@preact/signals@2.6.2(preact@10.28.3)':
    dependencies:
      '@preact/signals-core': 1.12.2
      preact: 10.28.3

  '@prefresh/core@1.5.9(preact@10.28.3)':
    dependencies:
      preact: 10.28.3

  '@prefresh/utils@1.2.1': {}

  '@protobufjs/aspromise@1.1.2': {}

  '@protobufjs/base64@1.1.2': {}

  '@protobufjs/codegen@2.0.4': {}

  '@protobufjs/eventemitter@1.1.0': {}

  '@protobufjs/fetch@1.1.0':
    dependencies:
      '@protobufjs/aspromise': 1.1.2
      '@protobufjs/inquire': 1.1.0

  '@protobufjs/float@1.0.2': {}

  '@protobufjs/inquire@1.1.0': {}

  '@protobufjs/path@1.1.2': {}

  '@protobufjs/pool@1.1.0': {}

  '@protobufjs/utf8@1.1.0': {}

  '@rsbuild/core@1.7.2':
    dependencies:
      '@rspack/core': 1.7.4(@swc/helpers@0.5.18)
      '@rspack/lite-tapable': 1.1.0
      '@swc/helpers': 0.5.18
      core-js: 3.47.0
      jiti: 2.6.1

  '@rsbuild/plugin-preact@1.7.1(@rsbuild/core@1.7.2)(preact@10.28.3)':
    dependencies:
      '@prefresh/core': 1.5.9(preact@10.28.3)
      '@prefresh/utils': 1.2.1
      '@rsbuild/core': 1.7.2
      '@rspack/plugin-preact-refresh': 1.1.5(@prefresh/core@1.5.9(preact@10.28.3))(@prefresh/utils@1.2.1)
      '@swc/plugin-prefresh': 12.5.0
    transitivePeerDependencies:
      - preact

  '@rspack/binding-darwin-arm64@1.7.4':
    optional: true

  '@rspack/binding-darwin-x64@1.7.4':
    optional: true

  '@rspack/binding-linux-arm64-gnu@1.7.4':
    optional: true

  '@rspack/binding-linux-arm64-musl@1.7.4':
    optional: true

  '@rspack/binding-linux-x64-gnu@1.7.4':
    optional: true

  '@rspack/binding-linux-x64-musl@1.7.4':
    optional: true

  '@rspack/binding-wasm32-wasi@1.7.4':
    dependencies:
      '@napi-rs/wasm-runtime': 1.0.7
    optional: true

  '@rspack/binding-win32-arm64-msvc@1.7.4':
    optional: true

  '@rspack/binding-win32-ia32-msvc@1.7.4':
    optional: true

  '@rspack/binding-win32-x64-msvc@1.7.4':
    optional: true

  '@rspack/binding@1.7.4':
    optionalDependencies:
      '@rspack/binding-darwin-arm64': 1.7.4
      '@rspack/binding-darwin-x64': 1.7.4
      '@rspack/binding-linux-arm64-gnu': 1.7.4
      '@rspack/binding-linux-arm64-musl': 1.7.4
      '@rspack/binding-linux-x64-gnu': 1.7.4
      '@rspack/binding-linux-x64-musl': 1.7.4
      '@rspack/binding-wasm32-wasi': 1.7.4
      '@rspack/binding-win32-arm64-msvc': 1.7.4
      '@rspack/binding-win32-ia32-msvc': 1.7.4
      '@rspack/binding-win32-x64-msvc': 1.7.4

  '@rspack/core@1.7.4(@swc/helpers@0.5.18)':
    dependencies:
      '@module-federation/runtime-tools': 0.22.0
      '@rspack/binding': 1.7.4
      '@rspack/lite-tapable': 1.1.0
    optionalDependencies:
      '@swc/helpers': 0.5.18

  '@rspack/lite-tapable@1.1.0': {}

  '@rspack/plugin-preact-refresh@1.1.5(@prefresh/core@1.5.9(preact@10.28.3))(@prefresh/utils@1.2.1)':
    dependencies:
      '@prefresh/core': 1.5.9(preact@10.28.3)
      '@prefresh/utils': 1.2.1

  '@swc/counter@0.1.3': {}

  '@swc/helpers@0.5.18':
    dependencies:
      tslib: 2.8.1

  '@swc/plugin-prefresh@12.5.0':
    dependencies:
      '@swc/counter': 0.1.3

  '@tailwindcss/node@4.1.18':
    dependencies:
      '@jridgewell/remapping': 2.3.5
      enhanced-resolve: 5.18.4
      jiti: 2.6.1
      lightningcss: 1.30.2
      magic-string: 0.30.21
      source-map-js: 1.2.1
      tailwindcss: 4.1.18

  '@tailwindcss/oxide-android-arm64@4.1.18':
    optional: true

  '@tailwindcss/oxide-darwin-arm64@4.1.18':
    optional: true

  '@tailwindcss/oxide-darwin-x64@4.1.18':
    optional: true

  '@tailwindcss/oxide-freebsd-x64@4.1.18':
    optional: true

  '@tailwindcss/oxide-linux-arm-gnueabihf@4.1.18':
    optional: true

  '@tailwindcss/oxide-linux-arm64-gnu@4.1.18':
    optional: true

  '@tailwindcss/oxide-linux-arm64-musl@4.1.18':
    optional: true

  '@tailwindcss/oxide-linux-x64-gnu@4.1.18':
    optional: true

  '@tailwindcss/oxide-linux-x64-musl@4.1.18':
    optional: true

  '@tailwindcss/oxide-wasm32-wasi@4.1.18':
    optional: true

  '@tailwindcss/oxide-win32-arm64-msvc@4.1.18':
    optional: true

  '@tailwindcss/oxide-win32-x64-msvc@4.1.18':
    optional: true

  '@tailwindcss/oxide@4.1.18':
    optionalDependencies:
      '@tailwindcss/oxide-android-arm64': 4.1.18
      '@tailwindcss/oxide-darwin-arm64': 4.1.18
      '@tailwindcss/oxide-darwin-x64': 4.1.18
      '@tailwindcss/oxide-freebsd-x64': 4.1.18
      '@tailwindcss/oxide-linux-arm-gnueabihf': 4.1.18
      '@tailwindcss/oxide-linux-arm64-gnu': 4.1.18
      '@tailwindcss/oxide-linux-arm64-musl': 4.1.18
      '@tailwindcss/oxide-linux-x64-gnu': 4.1.18
      '@tailwindcss/oxide-linux-x64-musl': 4.1.18
      '@tailwindcss/oxide-wasm32-wasi': 4.1.18
      '@tailwindcss/oxide-win32-arm64-msvc': 4.1.18
      '@tailwindcss/oxide-win32-x64-msvc': 4.1.18

  '@tailwindcss/postcss@4.1.18':
    dependencies:
      '@alloc/quick-lru': 5.2.0
      '@tailwindcss/node': 4.1.18
      '@tailwindcss/oxide': 4.1.18
      postcss: 8.5.6
      tailwindcss: 4.1.18

  '@tybys/wasm-util@0.10.1':
    dependencies:
      tslib: 2.8.1
    optional: true

  '@types/node@25.2.0':
    dependencies:
      undici-types: 7.16.0

  '@types/trusted-types@2.0.7':
    optional: true

  core-js@3.47.0: {}

  core-js@3.48.0: {}

  cross-spawn@7.0.6:
    dependencies:
      path-key: 3.1.1
      shebang-command: 2.0.0
      which: 2.0.2

  daisyui@5.5.17: {}

  detect-libc@2.1.2: {}

  dompurify@3.3.1:
    optionalDependencies:
      '@types/trusted-types': 2.0.7

  enhanced-resolve@5.18.4:
    dependencies:
      graceful-fs: 4.2.11
      tapable: 2.3.0

  fflate@0.4.8: {}

  graceful-fs@4.2.11: {}

  isexe@2.0.0: {}

  jiti@2.6.1: {}

  lightningcss-android-arm64@1.30.2:
    optional: true

  lightningcss-darwin-arm64@1.30.2:
    optional: true

  lightningcss-darwin-x64@1.30.2:
    optional: true

  lightningcss-freebsd-x64@1.30.2:
    optional: true

  lightningcss-linux-arm-gnueabihf@1.30.2:
    optional: true

  lightningcss-linux-arm64-gnu@1.30.2:
    optional: true

  lightningcss-linux-arm64-musl@1.30.2:
    optional: true

  lightningcss-linux-x64-gnu@1.30.2:
    optional: true

  lightningcss-linux-x64-musl@1.30.2:
    optional: true

  lightningcss-win32-arm64-msvc@1.30.2:
    optional: true

  lightningcss-win32-x64-msvc@1.30.2:
    optional: true

  lightningcss@1.30.2:
    dependencies:
      detect-libc: 2.1.2
    optionalDependencies:
      lightningcss-android-arm64: 1.30.2
      lightningcss-darwin-arm64: 1.30.2
      lightningcss-darwin-x64: 1.30.2
      lightningcss-freebsd-x64: 1.30.2
      lightningcss-linux-arm-gnueabihf: 1.30.2
      lightningcss-linux-arm64-gnu: 1.30.2
      lightningcss-linux-arm64-musl: 1.30.2
      lightningcss-linux-x64-gnu: 1.30.2
      lightningcss-linux-x64-musl: 1.30.2
      lightningcss-win32-arm64-msvc: 1.30.2
      lightningcss-win32-x64-msvc: 1.30.2

  long@5.3.2: {}

  magic-string@0.30.21:
    dependencies:
      '@jridgewell/sourcemap-codec': 1.5.5

  nanoid@3.3.11: {}

  path-key@3.1.1: {}

  picocolors@1.1.1: {}

  pkpw@1.3.1: {}

  postcss@8.5.6:
    dependencies:
      nanoid: 3.3.11
      picocolors: 1.1.1
      source-map-js: 1.2.1

  posthog-js@1.336.4:
    dependencies:
      '@opentelemetry/api': 1.9.0
      '@opentelemetry/api-logs': 0.208.0
      '@opentelemetry/exporter-logs-otlp-http': 0.208.0(@opentelemetry/api@1.9.0)
      '@opentelemetry/resources': 2.5.0(@opentelemetry/api@1.9.0)
      '@opentelemetry/sdk-logs': 0.208.0(@opentelemetry/api@1.9.0)
      '@posthog/core': 1.17.0
      '@posthog/types': 1.336.4
      core-js: 3.48.0
      dompurify: 3.3.1
      fflate: 0.4.8
      preact: 10.28.3
      query-selector-shadow-dom: 1.0.1
      web-vitals: 5.1.0

  preact@10.28.3: {}

  protobufjs@7.5.4:
    dependencies:
      '@protobufjs/aspromise': 1.1.2
      '@protobufjs/base64': 1.1.2
      '@protobufjs/codegen': 2.0.4
      '@protobufjs/eventemitter': 1.1.0
      '@protobufjs/fetch': 1.1.0
      '@protobufjs/float': 1.0.2
      '@protobufjs/inquire': 1.1.0
      '@protobufjs/path': 1.1.2
      '@protobufjs/pool': 1.1.0
      '@protobufjs/utf8': 1.1.0
      '@types/node': 25.2.0
      long: 5.3.2

  query-selector-shadow-dom@1.0.1: {}

  shebang-command@2.0.0:
    dependencies:
      shebang-regex: 3.0.0

  shebang-regex@3.0.0: {}

  source-map-js@1.2.1: {}

  tailwindcss@4.1.18: {}

  tapable@2.3.0: {}

  tslib@2.8.1: {}

  typescript@5.9.3: {}

  undici-types@7.16.0: {}

  web-vitals@5.1.0: {}

  which@2.0.2:
    dependencies:
      isexe: 2.0.0
